
Microsoft Visual Studio Solution File, Format Version 12.00
# Visual Studio 15
VisualStudioVersion = 15.0.28307.1231
MinimumVisualStudioVersion = 10.0.40219.1
Project("{8BC9CEB8-8B4A-11D0-8D11-00A0C91BC942}") = "W04_1", "W04_1\W04_1.vcxproj", "{47EC60B3-D293-4599-9350-83560F3B5C03}"
EndProject
Project("{8BC9CEB8-8B4A-11D0-8D11-00A0C91BC942}") = "W04_2", "W04_2\W04_2.vcxproj", "{D264DE7D-853C-49D9-9B71-8B18E3B29461}"
EndProject
Project("{8BC9CEB8-8B4A-11D0-8D11-00A0C91BC942}") = "W04_3", "W04_3\W04_3.vcxproj", "{5B7D0968-1BCB-4B6F-9A68-28273A82A360}"
EndProject
Project("{8BC9CEB8-8B4A-11D0-8D11-00A0C91BC942}") = "W04_4", "W04_4\W04_4.vcxproj", "{B4112095-D246-494C-A962-782FCBEB7BD3}"
EndProject
Project("{8BC9CEB8-8B4A-11D0-8D11-00A0C91BC942}") = "W04_5", "W04_5\W04_5.vcxproj", "{1A659183-3A33-4BC2-85B7-D4DE4FD32458}"
EndProject
Project("{8BC9CEB8-8B4A-11D0-8D11-00A0C91BC942}") = "W04_6", "W04_6\W04_6.vcxproj", "{77FE9B2C-F523-42DB-832E-07FCF59D6848}"
EndProject
Project("{8BC9CEB8-8B4A-11D0-8D11-00A0C91BC942}") = "W04_7", "W04_7\W04_7.vcxproj", "{F95BBE7D-7333-4EE8-BC9C-E2821D4A6F64}"
EndProject
Project("{8BC9CEB8-8B4A-11D0-8D11-00A0C91BC942}") = "alpha", "alpha\alpha.vcxproj", "{33A5A880-F9C5-4389-9E24-676583A806F1}"
EndProject
Project("{8BC9CEB8-8B4A-11D0-8D11-00A0C91BC942}") = "W04_8", "W04_8\W04_8.vcxproj", "{9C39FE0D-8241-4F28-87A2-5B9020252A62}"
EndProject
Project("{8BC9CEB8-8B4A-11D0-8D11-00A0C91BC942}") = "W04_9", "Wo4_9\Wo4_9.vcxproj", "{D49ED80E-ED1D-4731-9D33-7623BCF793ED}"
EndProject
Project("{8BC9CEB8-8B4A-11D0-8D11-00A0C91BC942}") = "W04_10", "W04_10\W04_10.vcxproj", "{1249E260-1AD0-40C5-8BE8-3B8E57C132AF}"
EndProject
Project("{8BC9CEB8-8B4A-11D0-8D11-00A0C91BC942}") = "W04_11", "W04_11\W04_11.vcxproj", "{B5BC05AC-6271-48F2-B99D-5FB7056F7D31}"
EndProject
Project("{8BC9CEB8-8B4A-11D0-8D11-00A0C91BC942}") = "W04_12", "W04_12\W04_12.vcxproj", "{68021A04-07EE-4830-9B44-E0AF0B4D3C7B}"
EndProject
Project("{8BC9CEB8-8B4A-11D0-8D11-00A0C91BC942}") = "W04_13", "W04_13\W04_13.vcxproj", "{0637BAB1-7378-40E6-B75A-9CF80F22C0E0}"
EndProject
Project("{8BC9CEB8-8B4A-11D0-8D11-00A0C91BC942}") = "W04_14", "W04_14\W04_14.vcxproj", "{06534CB2-AD97-414A-8F19-C116F34F0738}"
EndProject
Project("{8BC9CEB8-8B4A-11D0-8D11-00A0C91BC942}") = "W04_15", "W04_15\W04_15.vcxproj", "{6360D022-C3D8-4694-97AD-E5C268F2330C}"
EndProject
Project("{8BC9CEB8-8B4A-11D0-8D11-00A0C91BC942}") = "W04_16", "W04_16\W04_16.vcxproj", "{89A86B86-0ABE-447A-83E4-4DD5437F451A}"
EndProject
Project("{8BC9CEB8-8B4A-11D0-8D11-00A0C91BC942}") = "W04_17", "W04_17\W04_17.vcxproj", "{961CBB09-2D0C-46DB-8D30-426F4009BA52}"
EndProject
Project("{8BC9CEB8-8B4A-11D0-8D11-00A0C91BC942}") = "W04_18", "W04_18\W04_18.vcxproj", "{D734253B-E702-46A5-820C-635ED08583BB}"
EndProject
Project("{8BC9CEB8-8B4A-11D0-8D11-00A0C91BC942}") = "W04_19", "W04_19\W04_19.vcxproj", "{91DB85E0-A8BA-4042-A126-5A3401AC4CE9}"
EndProject
Project("{8BC9CEB8-8B4A-11D0-8D11-00A0C91BC942}") = "W04_20", "W04_20\W04_20.vcxproj", "{6CB119CF-77A2-4470-8E61-6B572F29887D}"
EndProject
Project("{8BC9CEB8-8B4A-11D0-8D11-00A0C91BC942}") = "W04_21", "W04_21\W04_21.vcxproj", "{463C5903-A559-46F4-87FA-0502D8D75D33}"
EndProject
Project("{8BC9CEB8-8B4A-11D0-8D11-00A0C91BC942}") = "W04_22", "W04_22\W04_22.vcxproj", "{27C9000D-BBC5-46CE-9E6E-D45738D71D34}"
EndProject
Project("{8BC9CEB8-8B4A-11D0-8D11-00A0C91BC942}") = "W04_23", "W04_23\W04_23.vcxproj", "{78F9C5C3-B770-4FDC-B652-461F1DB98254}"
EndProject
Project("{8BC9CEB8-8B4A-11D0-8D11-00A0C91BC942}") = "W04_24", "W04_24\W04_24.vcxproj", "{C449472E-6538-4B50-AFD4-FBC56279CF04}"
EndProject
Project("{8BC9CEB8-8B4A-11D0-8D11-00A0C91BC942}") = "W05_1", "W05_1\W05_1.vcxproj", "{04CB81B8-524B-405B-9216-39F9EE7F5EEB}"
EndProject
Project("{8BC9CEB8-8B4A-11D0-8D11-00A0C91BC942}") = "W05_2", "W05_2\W05_2.vcxproj", "{F3398F04-EA45-4FC4-AC61-4FC292A7D2A8}"
EndProject
Project("{8BC9CEB8-8B4A-11D0-8D11-00A0C91BC942}") = "W05_3", "W05_3\W05_3.vcxproj", "{FDED9B9E-812B-42E9-A4FE-C2E2F09C6644}"
EndProject
Project("{8BC9CEB8-8B4A-11D0-8D11-00A0C91BC942}") = "W05_4", "W05_4\W05_4.vcxproj", "{F78BD834-FA9E-4916-BB96-DE36C7102C9F}"
EndProject
Project("{8BC9CEB8-8B4A-11D0-8D11-00A0C91BC942}") = "W05_5", "W05_5\W05_5.vcxproj", "{808068EE-CB96-4ACF-BF4A-BD1543970C5B}"
EndProject
Project("{8BC9CEB8-8B4A-11D0-8D11-00A0C91BC942}") = "W05_6", "W05_6\W05_6.vcxproj", "{F7C545E2-D996-4ADB-92BB-2C531A6348EA}"
EndProject
Project("{8BC9CEB8-8B4A-11D0-8D11-00A0C91BC942}") = "W05_7", "W05_7\W05_7.vcxproj", "{6685FF90-AA45-461C-B74D-CEA5A2DBD1F0}"
EndProject
Project("{8BC9CEB8-8B4A-11D0-8D11-00A0C91BC942}") = "W05_8", "W05_8\W05_8.vcxproj", "{D73028C5-923A-4A92-B3D6-5CD8F6CFD9BB}"
EndProject
Project("{8BC9CEB8-8B4A-11D0-8D11-00A0C91BC942}") = "W05_9", "W05_9\W05_9.vcxproj", "{59784F14-A037-4A86-8B69-F650120C5DD6}"
EndProject
Project("{8BC9CEB8-8B4A-11D0-8D11-00A0C91BC942}") = "W05_10", "W05_10\W05_10.vcxproj", "{4CF5C5F7-EAC1-4D16-B9F3-A43B51A1531B}"
EndProject
Project("{8BC9CEB8-8B4A-11D0-8D11-00A0C91BC942}") = "W05_11", "W05_11\W05_11.vcxproj", "{FB25E663-714D-421C-88DD-49FB56994CB8}"
EndProject
Project("{8BC9CEB8-8B4A-11D0-8D11-00A0C91BC942}") = "W05_11_2", "W05_11_2\W05_11_2.vcxproj", "{952E7CAB-5A56-4114-BEA8-4C5401CBB134}"
EndProject
Project("{8BC9CEB8-8B4A-11D0-8D11-00A0C91BC942}") = "W05_12", "W05_12\W05_12.vcxproj", "{EA7E6661-62DE-4C31-A6EC-BC2A85778B9A}"
EndProject
Project("{8BC9CEB8-8B4A-11D0-8D11-00A0C91BC942}") = "W05_13", "W05_13\W05_13.vcxproj", "{55A7C9A4-6F45-4688-8EC7-3FCF2B24B5ED}"
EndProject
Project("{8BC9CEB8-8B4A-11D0-8D11-00A0C91BC942}") = "W05_14", "W05_14\W05_14.vcxproj", "{82496015-E9C9-4F01-A244-160AC0E50498}"
EndProject
Project("{8BC9CEB8-8B4A-11D0-8D11-00A0C91BC942}") = "W05_15", "W05_15\W05_15.vcxproj", "{D89A876B-20DD-4E03-8730-82CB8CB0DB33}"
EndProject
Project("{8BC9CEB8-8B4A-11D0-8D11-00A0C91BC942}") = "W05_16", "W05_16\W05_16.vcxproj", "{188C6ADB-48A3-4AA2-8D51-76E4E1963646}"
EndProject
Project("{8BC9CEB8-8B4A-11D0-8D11-00A0C91BC942}") = "W06_01", "W06_01\W06_01.vcxproj", "{5C29FE61-6253-417D-AD57-71FAF37F9D50}"
EndProject
Project("{8BC9CEB8-8B4A-11D0-8D11-00A0C91BC942}") = "W06_2", "W06_2\W06_2.vcxproj", "{6EC4D0D4-E57B-4CA3-9730-A77E2B7BD585}"
EndProject
Project("{8BC9CEB8-8B4A-11D0-8D11-00A0C91BC942}") = "W06_3", "W06_3\W06_3.vcxproj", "{28E53D8B-3A91-4AFD-AC87-BF3310171D80}"
EndProject
Project("{8BC9CEB8-8B4A-11D0-8D11-00A0C91BC942}") = "W06_4", "W06_4\W06_4.vcxproj", "{38FA63C1-69AF-436E-A059-0A7503288E90}"
EndProject
Project("{8BC9CEB8-8B4A-11D0-8D11-00A0C91BC942}") = "W06_5", "W06_5\W06_5.vcxproj", "{409F0D1F-33A1-4310-BCD9-AA24A3B910E9}"
EndProject
Project("{8BC9CEB8-8B4A-11D0-8D11-00A0C91BC942}") = "W06_6", "W06_6\W06_6.vcxproj", "{18252798-BB04-419E-9669-6369D04BC016}"
EndProject
Project("{8BC9CEB8-8B4A-11D0-8D11-00A0C91BC942}") = "W06_7", "W06_7\W06_7.vcxproj", "{B29B72D8-9183-4B1C-B7D1-98E9BAF16E11}"
EndProject
Project("{8BC9CEB8-8B4A-11D0-8D11-00A0C91BC942}") = "W06_08", "W06_08\W06_08.vcxproj", "{F7ABD524-5EB2-46A3-BE2E-9A6BF8A524E6}"
EndProject
Project("{8BC9CEB8-8B4A-11D0-8D11-00A0C91BC942}") = "W06_09", "W06_09\W06_09.vcxproj", "{57143AA6-D6E9-42E9-B2AF-A1194F9DE473}"
EndProject
Project("{8BC9CEB8-8B4A-11D0-8D11-00A0C91BC942}") = "W06_10", "W06_10\W06_10.vcxproj", "{D60BDC49-1A9A-42F3-8F8E-AC07F04EA2F8}"
EndProject
Project("{8BC9CEB8-8B4A-11D0-8D11-00A0C91BC942}") = "W06_11", "W06_11\W06_11.vcxproj", "{6DD061B0-5626-4C8A-8FB8-A54559CE8452}"
EndProject
Project("{8BC9CEB8-8B4A-11D0-8D11-00A0C91BC942}") = "W06_12", "W06_12\W06_12.vcxproj", "{F0B9B6F7-79CA-476D-A21E-A077D897E191}"
EndProject
Project("{8BC9CEB8-8B4A-11D0-8D11-00A0C91BC942}") = "W06_13", "W06_13\W06_13.vcxproj", "{36D9364F-D325-4888-A204-DAD6575DD803}"
EndProject
Project("{8BC9CEB8-8B4A-11D0-8D11-00A0C91BC942}") = "W06_13_2", "W06_13_2\W06_13_2.vcxproj", "{56CCE101-2A09-4D0C-95EF-B5B013F55E35}"
EndProject
Project("{8BC9CEB8-8B4A-11D0-8D11-00A0C91BC942}") = "tictactoc", "tictactoc\tictactoc.vcxproj", "{962F7423-6CC2-4AAE-8578-7BA888CB63DA}"
EndProject
Project("{8BC9CEB8-8B4A-11D0-8D11-00A0C91BC942}") = "W06_99", "W06_14\W06_14.vcxproj", "{99D91A17-6199-4FAD-9567-58EA7B7A2091}"
EndProject
Project("{8BC9CEB8-8B4A-11D0-8D11-00A0C91BC942}") = "W06_15", "W06_15\W06_15.vcxproj", "{501B4859-EB43-43DD-9B8D-98E714A9F5DF}"
EndProject
Project("{8BC9CEB8-8B4A-11D0-8D11-00A0C91BC942}") = "W06_16", "W06_16\W06_16.vcxproj", "{3CB2B37F-D611-46F1-9FBF-3638C3168F85}"
EndProject
Project("{8BC9CEB8-8B4A-11D0-8D11-00A0C91BC942}") = "W06_17", "W06_17\W06_17.vcxproj", "{B3A79DB4-7C54-4862-9B6A-7978DCF41D01}"
EndProject
Project("{8BC9CEB8-8B4A-11D0-8D11-00A0C91BC942}") = "W06_18", "W06_18\W06_18.vcxproj", "{963C9E29-518D-4A63-9CC6-CB2E10C2945F}"
EndProject
Project("{8BC9CEB8-8B4A-11D0-8D11-00A0C91BC942}") = "W06_19", "W06_19\W06_19.vcxproj", "{F33AF9ED-4A6E-484D-8A49-5CD64C6BD423}"
EndProject
Project("{8BC9CEB8-8B4A-11D0-8D11-00A0C91BC942}") = "W06_20", "W06_20\W06_20.vcxproj", "{2A703B51-9494-4655-B6E1-BE617B1205B3}"
EndProject
Project("{8BC9CEB8-8B4A-11D0-8D11-00A0C91BC942}") = "W06_21", "W06_21\W06_21.vcxproj", "{9612C0DF-788F-4A5A-81E6-2A9FE38EB83F}"
EndProject
Project("{8BC9CEB8-8B4A-11D0-8D11-00A0C91BC942}") = "W06_22", "W06_22\W06_22.vcxproj", "{57820747-6E8B-4579-8CCE-1FDE63F49E9E}"
EndProject
Project("{8BC9CEB8-8B4A-11D0-8D11-00A0C91BC942}") = "W06_23", "W06_23\W06_23.vcxproj", "{417CC6CB-1F7A-456A-B49E-F7079921BA10}"
EndProject
Project("{8BC9CEB8-8B4A-11D0-8D11-00A0C91BC942}") = "W07_01", "W07_01\W07_01.vcxproj", "{86EEC4D7-712C-431E-A661-5807E8146BB1}"
EndProject
Project("{8BC9CEB8-8B4A-11D0-8D11-00A0C91BC942}") = "W07_02", "W07_02\W07_02.vcxproj", "{6784B969-18E5-4E2E-B675-AF814EEBB4BD}"
EndProject
Project("{8BC9CEB8-8B4A-11D0-8D11-00A0C91BC942}") = "W07_03", "W07_03\W07_03.vcxproj", "{2C3D8F75-2C06-4DF0-8E10-BF20ED747785}"
EndProject
Project("{8BC9CEB8-8B4A-11D0-8D11-00A0C91BC942}") = "W07_04", "W07_04\W07_04.vcxproj", "{D86AF334-B367-4179-9CFC-F92BA907A45D}"
EndProject
Project("{8BC9CEB8-8B4A-11D0-8D11-00A0C91BC942}") = "W07_05", "W07_05\W07_05.vcxproj", "{E2D7D185-486A-4133-B7A2-0CF5A537AC3B}"
EndProject
Project("{8BC9CEB8-8B4A-11D0-8D11-00A0C91BC942}") = "W07_06", "W07_06\W07_06.vcxproj", "{FBFE9C4D-6043-48DB-99F0-6DE607CA2C60}"
EndProject
Project("{8BC9CEB8-8B4A-11D0-8D11-00A0C91BC942}") = "W07_07", "W07_07\W07_07.vcxproj", "{69DCE96D-5315-450A-ABBC-A98068B25DD5}"
EndProject
Project("{8BC9CEB8-8B4A-11D0-8D11-00A0C91BC942}") = "W07_08", "W07_08\W07_08.vcxproj", "{99FC0484-8026-43AC-A642-63ED71F77BA7}"
EndProject
Project("{8BC9CEB8-8B4A-11D0-8D11-00A0C91BC942}") = "W07_09", "W07_09\W07_09.vcxproj", "{7FB4E3A3-5632-4863-A55D-0416A19A1D90}"
EndProject
Project("{8BC9CEB8-8B4A-11D0-8D11-00A0C91BC942}") = "W07_10", "W07_10\W07_10.vcxproj", "{E7497DBB-B813-4AFA-90E4-0451FFB03274}"
EndProject
Project("{8BC9CEB8-8B4A-11D0-8D11-00A0C91BC942}") = "W07_11", "W07_11\W07_11.vcxproj", "{32236857-3A49-43AD-A28F-8F42555DBDF3}"
EndProject
Project("{8BC9CEB8-8B4A-11D0-8D11-00A0C91BC942}") = "W07_12", "W07_12\W07_12.vcxproj", "{DFA1A829-3A95-413E-93A3-C20026733827}"
EndProject
Project("{8BC9CEB8-8B4A-11D0-8D11-00A0C91BC942}") = "W09_01", "W09_01\W09_01.vcxproj", "{E6981F26-164F-4032-A2FB-86547DE68F75}"
EndProject
Project("{8BC9CEB8-8B4A-11D0-8D11-00A0C91BC942}") = "W09_02", "W09_02\W09_02.vcxproj", "{F029149C-5D39-413D-8DEF-ADE3294063D4}"
EndProject
Project("{8BC9CEB8-8B4A-11D0-8D11-00A0C91BC942}") = "W09_03", "W09_03\W09_03.vcxproj", "{3A43A233-89F1-4F6A-B900-649563E8F88B}"
EndProject
Project("{8BC9CEB8-8B4A-11D0-8D11-00A0C91BC942}") = "W09_04", "W09_04\W09_04.vcxproj", "{3E4E76AA-48CE-4C84-BFC2-3A998E31EA8E}"
EndProject
Project("{8BC9CEB8-8B4A-11D0-8D11-00A0C91BC942}") = "W09_05", "W09_05\W09_05.vcxproj", "{2C3A90AE-177F-4DD2-B9A8-FA6ABA363592}"
EndProject
Project("{8BC9CEB8-8B4A-11D0-8D11-00A0C91BC942}") = "W09_06", "W09_06\W09_06.vcxproj", "{84DF4DCD-7D83-431C-BCDE-27F1303FFB86}"
EndProject
Project("{8BC9CEB8-8B4A-11D0-8D11-00A0C91BC942}") = "W09_07", "W09_07\W09_07.vcxproj", "{0E245B4B-777A-47C7-A7E5-D8E9D0293982}"
EndProject
Project("{8BC9CEB8-8B4A-11D0-8D11-00A0C91BC942}") = "W09_08_44", "W09_08\W09_08.vcxproj", "{8888B843-15AB-445B-AD2D-435182549192}"
EndProject
Project("{8BC9CEB8-8B4A-11D0-8D11-00A0C91BC942}") = "W08_02_case", "W08_02_case\W08_02_case.vcxproj", "{EAF75A62-D1EF-4271-8824-E2B74DA6550F}"
EndProject
Project("{8BC9CEB8-8B4A-11D0-8D11-00A0C91BC942}") = "W08_03_case_2", "W08_03_case_2\W08_03_case_2.vcxproj", "{FC301853-842F-47ED-954D-421FC92D0F48}"
EndProject
Project("{8BC9CEB8-8B4A-11D0-8D11-00A0C91BC942}") = "W08_09_pointer", "W08_09_pointer\W08_09_pointer.vcxproj", "{041B8464-EFAC-484D-BB55-729196A8D16B}"
EndProject
Project("{8BC9CEB8-8B4A-11D0-8D11-00A0C91BC942}") = "W08_10_hamsu", "W08_10_hamsu\W08_10_hamsu.vcxproj", "{97785795-5E40-4159-A98A-A266538920D5}"
EndProject
Project("{8BC9CEB8-8B4A-11D0-8D11-00A0C91BC942}") = "W08_07-2", "W08_07-2\W08_07-2.vcxproj", "{137E9B53-FC57-4976-A0A9-B93AB81D8A90}"
EndProject
Project("{8BC9CEB8-8B4A-11D0-8D11-00A0C91BC942}") = "W09_09_45", "W09_09_45\W09_09_45.vcxproj", "{593734E3-88A2-4D9A-870F-C66CF0DBABB3}"
EndProject
Project("{8BC9CEB8-8B4A-11D0-8D11-00A0C91BC942}") = "W09_10_46", "W09_10_46\W09_10_46.vcxproj", "{59200802-C66C-4866-A6EC-2AE39F9810C8}"
EndProject
Project("{8BC9CEB8-8B4A-11D0-8D11-00A0C91BC942}") = "W09_11_47", "W09_11_47\W09_11_47.vcxproj", "{15E542E0-E5BF-4C58-8E73-4D773B2332E4}"
EndProject
Project("{8BC9CEB8-8B4A-11D0-8D11-00A0C91BC942}") = "W09_12_48", "W09_12_48\W09_12_48.vcxproj", "{00F30F84-70A7-4110-8033-AF0A36F21A42}"
EndProject
Global
	GlobalSection(SolutionConfigurationPlatforms) = preSolution
		Debug|x64 = Debug|x64
		Debug|x86 = Debug|x86
		Release|x64 = Release|x64
		Release|x86 = Release|x86
	EndGlobalSection
	GlobalSection(ProjectConfigurationPlatforms) = postSolution
		{47EC60B3-D293-4599-9350-83560F3B5C03}.Debug|x64.ActiveCfg = Debug|x64
		{47EC60B3-D293-4599-9350-83560F3B5C03}.Debug|x64.Build.0 = Debug|x64
		{47EC60B3-D293-4599-9350-83560F3B5C03}.Debug|x86.ActiveCfg = Debug|Win32
		{47EC60B3-D293-4599-9350-83560F3B5C03}.Debug|x86.Build.0 = Debug|Win32
		{47EC60B3-D293-4599-9350-83560F3B5C03}.Release|x64.ActiveCfg = Release|x64
		{47EC60B3-D293-4599-9350-83560F3B5C03}.Release|x64.Build.0 = Release|x64
		{47EC60B3-D293-4599-9350-83560F3B5C03}.Release|x86.ActiveCfg = Release|Win32
		{47EC60B3-D293-4599-9350-83560F3B5C03}.Release|x86.Build.0 = Release|Win32
		{D264DE7D-853C-49D9-9B71-8B18E3B29461}.Debug|x64.ActiveCfg = Debug|x64
		{D264DE7D-853C-49D9-9B71-8B18E3B29461}.Debug|x64.Build.0 = Debug|x64
		{D264DE7D-853C-49D9-9B71-8B18E3B29461}.Debug|x86.ActiveCfg = Debug|Win32
		{D264DE7D-853C-49D9-9B71-8B18E3B29461}.Debug|x86.Build.0 = Debug|Win32
		{D264DE7D-853C-49D9-9B71-8B18E3B29461}.Release|x64.ActiveCfg = Release|x64
		{D264DE7D-853C-49D9-9B71-8B18E3B29461}.Release|x64.Build.0 = Release|x64
		{D264DE7D-853C-49D9-9B71-8B18E3B29461}.Release|x86.ActiveCfg = Release|Win32
		{D264DE7D-853C-49D9-9B71-8B18E3B29461}.Release|x86.Build.0 = Release|Win32
		{5B7D0968-1BCB-4B6F-9A68-28273A82A360}.Debug|x64.ActiveCfg = Debug|x64
		{5B7D0968-1BCB-4B6F-9A68-28273A82A360}.Debug|x64.Build.0 = Debug|x64
		{5B7D0968-1BCB-4B6F-9A68-28273A82A360}.Debug|x86.ActiveCfg = Debug|Win32
		{5B7D0968-1BCB-4B6F-9A68-28273A82A360}.Debug|x86.Build.0 = Debug|Win32
		{5B7D0968-1BCB-4B6F-9A68-28273A82A360}.Release|x64.ActiveCfg = Release|x64
		{5B7D0968-1BCB-4B6F-9A68-28273A82A360}.Release|x64.Build.0 = Release|x64
		{5B7D0968-1BCB-4B6F-9A68-28273A82A360}.Release|x86.ActiveCfg = Release|Win32
		{5B7D0968-1BCB-4B6F-9A68-28273A82A360}.Release|x86.Build.0 = Release|Win32
		{B4112095-D246-494C-A962-782FCBEB7BD3}.Debug|x64.ActiveCfg = Debug|x64
		{B4112095-D246-494C-A962-782FCBEB7BD3}.Debug|x64.Build.0 = Debug|x64
		{B4112095-D246-494C-A962-782FCBEB7BD3}.Debug|x86.ActiveCfg = Debug|Win32
		{B4112095-D246-494C-A962-782FCBEB7BD3}.Debug|x86.Build.0 = Debug|Win32
		{B4112095-D246-494C-A962-782FCBEB7BD3}.Release|x64.ActiveCfg = Release|x64
		{B4112095-D246-494C-A962-782FCBEB7BD3}.Release|x64.Build.0 = Release|x64
		{B4112095-D246-494C-A962-782FCBEB7BD3}.Release|x86.ActiveCfg = Release|Win32
		{B4112095-D246-494C-A962-782FCBEB7BD3}.Release|x86.Build.0 = Release|Win32
		{1A659183-3A33-4BC2-85B7-D4DE4FD32458}.Debug|x64.ActiveCfg = Debug|x64
		{1A659183-3A33-4BC2-85B7-D4DE4FD32458}.Debug|x64.Build.0 = Debug|x64
		{1A659183-3A33-4BC2-85B7-D4DE4FD32458}.Debug|x86.ActiveCfg = Debug|Win32
		{1A659183-3A33-4BC2-85B7-D4DE4FD32458}.Debug|x86.Build.0 = Debug|Win32
		{1A659183-3A33-4BC2-85B7-D4DE4FD32458}.Release|x64.ActiveCfg = Release|x64
		{1A659183-3A33-4BC2-85B7-D4DE4FD32458}.Release|x64.Build.0 = Release|x64
		{1A659183-3A33-4BC2-85B7-D4DE4FD32458}.Release|x86.ActiveCfg = Release|Win32
		{1A659183-3A33-4BC2-85B7-D4DE4FD32458}.Release|x86.Build.0 = Release|Win32
		{77FE9B2C-F523-42DB-832E-07FCF59D6848}.Debug|x64.ActiveCfg = Debug|x64
		{77FE9B2C-F523-42DB-832E-07FCF59D6848}.Debug|x64.Build.0 = Debug|x64
		{77FE9B2C-F523-42DB-832E-07FCF59D6848}.Debug|x86.ActiveCfg = Debug|Win32
		{77FE9B2C-F523-42DB-832E-07FCF59D6848}.Debug|x86.Build.0 = Debug|Win32
		{77FE9B2C-F523-42DB-832E-07FCF59D6848}.Release|x64.ActiveCfg = Release|x64
		{77FE9B2C-F523-42DB-832E-07FCF59D6848}.Release|x64.Build.0 = Release|x64
		{77FE9B2C-F523-42DB-832E-07FCF59D6848}.Release|x86.ActiveCfg = Release|Win32
		{77FE9B2C-F523-42DB-832E-07FCF59D6848}.Release|x86.Build.0 = Release|Win32
		{F95BBE7D-7333-4EE8-BC9C-E2821D4A6F64}.Debug|x64.ActiveCfg = Debug|x64
		{F95BBE7D-7333-4EE8-BC9C-E2821D4A6F64}.Debug|x64.Build.0 = Debug|x64
		{F95BBE7D-7333-4EE8-BC9C-E2821D4A6F64}.Debug|x86.ActiveCfg = Debug|Win32
		{F95BBE7D-7333-4EE8-BC9C-E2821D4A6F64}.Debug|x86.Build.0 = Debug|Win32
		{F95BBE7D-7333-4EE8-BC9C-E2821D4A6F64}.Release|x64.ActiveCfg = Release|x64
		{F95BBE7D-7333-4EE8-BC9C-E2821D4A6F64}.Release|x64.Build.0 = Release|x64
		{F95BBE7D-7333-4EE8-BC9C-E2821D4A6F64}.Release|x86.ActiveCfg = Release|Win32
		{F95BBE7D-7333-4EE8-BC9C-E2821D4A6F64}.Release|x86.Build.0 = Release|Win32
		{33A5A880-F9C5-4389-9E24-676583A806F1}.Debug|x64.ActiveCfg = Debug|x64
		{33A5A880-F9C5-4389-9E24-676583A806F1}.Debug|x64.Build.0 = Debug|x64
		{33A5A880-F9C5-4389-9E24-676583A806F1}.Debug|x86.ActiveCfg = Debug|Win32
		{33A5A880-F9C5-4389-9E24-676583A806F1}.Debug|x86.Build.0 = Debug|Win32
		{33A5A880-F9C5-4389-9E24-676583A806F1}.Release|x64.ActiveCfg = Release|x64
		{33A5A880-F9C5-4389-9E24-676583A806F1}.Release|x64.Build.0 = Release|x64
		{33A5A880-F9C5-4389-9E24-676583A806F1}.Release|x86.ActiveCfg = Release|Win32
		{33A5A880-F9C5-4389-9E24-676583A806F1}.Release|x86.Build.0 = Release|Win32
		{9C39FE0D-8241-4F28-87A2-5B9020252A62}.Debug|x64.ActiveCfg = Debug|x64
		{9C39FE0D-8241-4F28-87A2-5B9020252A62}.Debug|x64.Build.0 = Debug|x64
		{9C39FE0D-8241-4F28-87A2-5B9020252A62}.Debug|x86.ActiveCfg = Debug|Win32
		{9C39FE0D-8241-4F28-87A2-5B9020252A62}.Debug|x86.Build.0 = Debug|Win32
		{9C39FE0D-8241-4F28-87A2-5B9020252A62}.Release|x64.ActiveCfg = Release|x64
		{9C39FE0D-8241-4F28-87A2-5B9020252A62}.Release|x64.Build.0 = Release|x64
		{9C39FE0D-8241-4F28-87A2-5B9020252A62}.Release|x86.ActiveCfg = Release|Win32
		{9C39FE0D-8241-4F28-87A2-5B9020252A62}.Release|x86.Build.0 = Release|Win32
		{D49ED80E-ED1D-4731-9D33-7623BCF793ED}.Debug|x64.ActiveCfg = Debug|x64
		{D49ED80E-ED1D-4731-9D33-7623BCF793ED}.Debug|x64.Build.0 = Debug|x64
		{D49ED80E-ED1D-4731-9D33-7623BCF793ED}.Debug|x86.ActiveCfg = Debug|Win32
		{D49ED80E-ED1D-4731-9D33-7623BCF793ED}.Debug|x86.Build.0 = Debug|Win32
		{D49ED80E-ED1D-4731-9D33-7623BCF793ED}.Release|x64.ActiveCfg = Release|x64
		{D49ED80E-ED1D-4731-9D33-7623BCF793ED}.Release|x64.Build.0 = Release|x64
		{D49ED80E-ED1D-4731-9D33-7623BCF793ED}.Release|x86.ActiveCfg = Release|Win32
		{D49ED80E-ED1D-4731-9D33-7623BCF793ED}.Release|x86.Build.0 = Release|Win32
		{1249E260-1AD0-40C5-8BE8-3B8E57C132AF}.Debug|x64.ActiveCfg = Debug|x64
		{1249E260-1AD0-40C5-8BE8-3B8E57C132AF}.Debug|x64.Build.0 = Debug|x64
		{1249E260-1AD0-40C5-8BE8-3B8E57C132AF}.Debug|x86.ActiveCfg = Debug|Win32
		{1249E260-1AD0-40C5-8BE8-3B8E57C132AF}.Debug|x86.Build.0 = Debug|Win32
		{1249E260-1AD0-40C5-8BE8-3B8E57C132AF}.Release|x64.ActiveCfg = Release|x64
		{1249E260-1AD0-40C5-8BE8-3B8E57C132AF}.Release|x64.Build.0 = Release|x64
		{1249E260-1AD0-40C5-8BE8-3B8E57C132AF}.Release|x86.ActiveCfg = Release|Win32
		{1249E260-1AD0-40C5-8BE8-3B8E57C132AF}.Release|x86.Build.0 = Release|Win32
		{B5BC05AC-6271-48F2-B99D-5FB7056F7D31}.Debug|x64.ActiveCfg = Debug|x64
		{B5BC05AC-6271-48F2-B99D-5FB7056F7D31}.Debug|x64.Build.0 = Debug|x64
		{B5BC05AC-6271-48F2-B99D-5FB7056F7D31}.Debug|x86.ActiveCfg = Debug|Win32
		{B5BC05AC-6271-48F2-B99D-5FB7056F7D31}.Debug|x86.Build.0 = Debug|Win32
		{B5BC05AC-6271-48F2-B99D-5FB7056F7D31}.Release|x64.ActiveCfg = Release|x64
		{B5BC05AC-6271-48F2-B99D-5FB7056F7D31}.Release|x64.Build.0 = Release|x64
		{B5BC05AC-6271-48F2-B99D-5FB7056F7D31}.Release|x86.ActiveCfg = Release|Win32
		{B5BC05AC-6271-48F2-B99D-5FB7056F7D31}.Release|x86.Build.0 = Release|Win32
		{68021A04-07EE-4830-9B44-E0AF0B4D3C7B}.Debug|x64.ActiveCfg = Debug|x64
		{68021A04-07EE-4830-9B44-E0AF0B4D3C7B}.Debug|x64.Build.0 = Debug|x64
		{68021A04-07EE-4830-9B44-E0AF0B4D3C7B}.Debug|x86.ActiveCfg = Debug|Win32
		{68021A04-07EE-4830-9B44-E0AF0B4D3C7B}.Debug|x86.Build.0 = Debug|Win32
		{68021A04-07EE-4830-9B44-E0AF0B4D3C7B}.Release|x64.ActiveCfg = Release|x64
		{68021A04-07EE-4830-9B44-E0AF0B4D3C7B}.Release|x64.Build.0 = Release|x64
		{68021A04-07EE-4830-9B44-E0AF0B4D3C7B}.Release|x86.ActiveCfg = Release|Win32
		{68021A04-07EE-4830-9B44-E0AF0B4D3C7B}.Release|x86.Build.0 = Release|Win32
		{0637BAB1-7378-40E6-B75A-9CF80F22C0E0}.Debug|x64.ActiveCfg = Debug|x64
		{0637BAB1-7378-40E6-B75A-9CF80F22C0E0}.Debug|x64.Build.0 = Debug|x64
		{0637BAB1-7378-40E6-B75A-9CF80F22C0E0}.Debug|x86.ActiveCfg = Debug|Win32
		{0637BAB1-7378-40E6-B75A-9CF80F22C0E0}.Debug|x86.Build.0 = Debug|Win32
		{0637BAB1-7378-40E6-B75A-9CF80F22C0E0}.Release|x64.ActiveCfg = Release|x64
		{0637BAB1-7378-40E6-B75A-9CF80F22C0E0}.Release|x64.Build.0 = Release|x64
		{0637BAB1-7378-40E6-B75A-9CF80F22C0E0}.Release|x86.ActiveCfg = Release|Win32
		{0637BAB1-7378-40E6-B75A-9CF80F22C0E0}.Release|x86.Build.0 = Release|Win32
		{06534CB2-AD97-414A-8F19-C116F34F0738}.Debug|x64.ActiveCfg = Debug|x64
		{06534CB2-AD97-414A-8F19-C116F34F0738}.Debug|x64.Build.0 = Debug|x64
		{06534CB2-AD97-414A-8F19-C116F34F0738}.Debug|x86.ActiveCfg = Debug|Win32
		{06534CB2-AD97-414A-8F19-C116F34F0738}.Debug|x86.Build.0 = Debug|Win32
		{06534CB2-AD97-414A-8F19-C116F34F0738}.Release|x64.ActiveCfg = Release|x64
		{06534CB2-AD97-414A-8F19-C116F34F0738}.Release|x64.Build.0 = Release|x64
		{06534CB2-AD97-414A-8F19-C116F34F0738}.Release|x86.ActiveCfg = Release|Win32
		{06534CB2-AD97-414A-8F19-C116F34F0738}.Release|x86.Build.0 = Release|Win32
		{6360D022-C3D8-4694-97AD-E5C268F2330C}.Debug|x64.ActiveCfg = Debug|x64
		{6360D022-C3D8-4694-97AD-E5C268F2330C}.Debug|x64.Build.0 = Debug|x64
		{6360D022-C3D8-4694-97AD-E5C268F2330C}.Debug|x86.ActiveCfg = Debug|Win32
		{6360D022-C3D8-4694-97AD-E5C268F2330C}.Debug|x86.Build.0 = Debug|Win32
		{6360D022-C3D8-4694-97AD-E5C268F2330C}.Release|x64.ActiveCfg = Release|x64
		{6360D022-C3D8-4694-97AD-E5C268F2330C}.Release|x64.Build.0 = Release|x64
		{6360D022-C3D8-4694-97AD-E5C268F2330C}.Release|x86.ActiveCfg = Release|Win32
		{6360D022-C3D8-4694-97AD-E5C268F2330C}.Release|x86.Build.0 = Release|Win32
		{89A86B86-0ABE-447A-83E4-4DD5437F451A}.Debug|x64.ActiveCfg = Debug|x64
		{89A86B86-0ABE-447A-83E4-4DD5437F451A}.Debug|x64.Build.0 = Debug|x64
		{89A86B86-0ABE-447A-83E4-4DD5437F451A}.Debug|x86.ActiveCfg = Debug|Win32
		{89A86B86-0ABE-447A-83E4-4DD5437F451A}.Debug|x86.Build.0 = Debug|Win32
		{89A86B86-0ABE-447A-83E4-4DD5437F451A}.Release|x64.ActiveCfg = Release|x64
		{89A86B86-0ABE-447A-83E4-4DD5437F451A}.Release|x64.Build.0 = Release|x64
		{89A86B86-0ABE-447A-83E4-4DD5437F451A}.Release|x86.ActiveCfg = Release|Win32
		{89A86B86-0ABE-447A-83E4-4DD5437F451A}.Release|x86.Build.0 = Release|Win32
		{961CBB09-2D0C-46DB-8D30-426F4009BA52}.Debug|x64.ActiveCfg = Debug|x64
		{961CBB09-2D0C-46DB-8D30-426F4009BA52}.Debug|x64.Build.0 = Debug|x64
		{961CBB09-2D0C-46DB-8D30-426F4009BA52}.Debug|x86.ActiveCfg = Debug|Win32
		{961CBB09-2D0C-46DB-8D30-426F4009BA52}.Debug|x86.Build.0 = Debug|Win32
		{961CBB09-2D0C-46DB-8D30-426F4009BA52}.Release|x64.ActiveCfg = Release|x64
		{961CBB09-2D0C-46DB-8D30-426F4009BA52}.Release|x64.Build.0 = Release|x64
		{961CBB09-2D0C-46DB-8D30-426F4009BA52}.Release|x86.ActiveCfg = Release|Win32
		{961CBB09-2D0C-46DB-8D30-426F4009BA52}.Release|x86.Build.0 = Release|Win32
		{D734253B-E702-46A5-820C-635ED08583BB}.Debug|x64.ActiveCfg = Debug|x64
		{D734253B-E702-46A5-820C-635ED08583BB}.Debug|x64.Build.0 = Debug|x64
		{D734253B-E702-46A5-820C-635ED08583BB}.Debug|x86.ActiveCfg = Debug|Win32
		{D734253B-E702-46A5-820C-635ED08583BB}.Debug|x86.Build.0 = Debug|Win32
		{D734253B-E702-46A5-820C-635ED08583BB}.Release|x64.ActiveCfg = Release|x64
		{D734253B-E702-46A5-820C-635ED08583BB}.Release|x64.Build.0 = Release|x64
		{D734253B-E702-46A5-820C-635ED08583BB}.Release|x86.ActiveCfg = Release|Win32
		{D734253B-E702-46A5-820C-635ED08583BB}.Release|x86.Build.0 = Release|Win32
		{91DB85E0-A8BA-4042-A126-5A3401AC4CE9}.Debug|x64.ActiveCfg = Debug|x64
		{91DB85E0-A8BA-4042-A126-5A3401AC4CE9}.Debug|x64.Build.0 = Debug|x64
		{91DB85E0-A8BA-4042-A126-5A3401AC4CE9}.Debug|x86.ActiveCfg = Debug|Win32
		{91DB85E0-A8BA-4042-A126-5A3401AC4CE9}.Debug|x86.Build.0 = Debug|Win32
		{91DB85E0-A8BA-4042-A126-5A3401AC4CE9}.Release|x64.ActiveCfg = Release|x64
		{91DB85E0-A8BA-4042-A126-5A3401AC4CE9}.Release|x64.Build.0 = Release|x64
		{91DB85E0-A8BA-4042-A126-5A3401AC4CE9}.Release|x86.ActiveCfg = Release|Win32
		{91DB85E0-A8BA-4042-A126-5A3401AC4CE9}.Release|x86.Build.0 = Release|Win32
		{6CB119CF-77A2-4470-8E61-6B572F29887D}.Debug|x64.ActiveCfg = Debug|x64
		{6CB119CF-77A2-4470-8E61-6B572F29887D}.Debug|x64.Build.0 = Debug|x64
		{6CB119CF-77A2-4470-8E61-6B572F29887D}.Debug|x86.ActiveCfg = Debug|Win32
		{6CB119CF-77A2-4470-8E61-6B572F29887D}.Debug|x86.Build.0 = Debug|Win32
		{6CB119CF-77A2-4470-8E61-6B572F29887D}.Release|x64.ActiveCfg = Release|x64
		{6CB119CF-77A2-4470-8E61-6B572F29887D}.Release|x64.Build.0 = Release|x64
		{6CB119CF-77A2-4470-8E61-6B572F29887D}.Release|x86.ActiveCfg = Release|Win32
		{6CB119CF-77A2-4470-8E61-6B572F29887D}.Release|x86.Build.0 = Release|Win32
		{463C5903-A559-46F4-87FA-0502D8D75D33}.Debug|x64.ActiveCfg = Debug|x64
		{463C5903-A559-46F4-87FA-0502D8D75D33}.Debug|x64.Build.0 = Debug|x64
		{463C5903-A559-46F4-87FA-0502D8D75D33}.Debug|x86.ActiveCfg = Debug|Win32
		{463C5903-A559-46F4-87FA-0502D8D75D33}.Debug|x86.Build.0 = Debug|Win32
		{463C5903-A559-46F4-87FA-0502D8D75D33}.Release|x64.ActiveCfg = Release|x64
		{463C5903-A559-46F4-87FA-0502D8D75D33}.Release|x64.Build.0 = Release|x64
		{463C5903-A559-46F4-87FA-0502D8D75D33}.Release|x86.ActiveCfg = Release|Win32
		{463C5903-A559-46F4-87FA-0502D8D75D33}.Release|x86.Build.0 = Release|Win32
		{27C9000D-BBC5-46CE-9E6E-D45738D71D34}.Debug|x64.ActiveCfg = Debug|x64
		{27C9000D-BBC5-46CE-9E6E-D45738D71D34}.Debug|x64.Build.0 = Debug|x64
		{27C9000D-BBC5-46CE-9E6E-D45738D71D34}.Debug|x86.ActiveCfg = Debug|Win32
		{27C9000D-BBC5-46CE-9E6E-D45738D71D34}.Debug|x86.Build.0 = Debug|Win32
		{27C9000D-BBC5-46CE-9E6E-D45738D71D34}.Release|x64.ActiveCfg = Release|x64
		{27C9000D-BBC5-46CE-9E6E-D45738D71D34}.Release|x64.Build.0 = Release|x64
		{27C9000D-BBC5-46CE-9E6E-D45738D71D34}.Release|x86.ActiveCfg = Release|Win32
		{27C9000D-BBC5-46CE-9E6E-D45738D71D34}.Release|x86.Build.0 = Release|Win32
		{78F9C5C3-B770-4FDC-B652-461F1DB98254}.Debug|x64.ActiveCfg = Debug|x64
		{78F9C5C3-B770-4FDC-B652-461F1DB98254}.Debug|x64.Build.0 = Debug|x64
		{78F9C5C3-B770-4FDC-B652-461F1DB98254}.Debug|x86.ActiveCfg = Debug|Win32
		{78F9C5C3-B770-4FDC-B652-461F1DB98254}.Debug|x86.Build.0 = Debug|Win32
		{78F9C5C3-B770-4FDC-B652-461F1DB98254}.Release|x64.ActiveCfg = Release|x64
		{78F9C5C3-B770-4FDC-B652-461F1DB98254}.Release|x64.Build.0 = Release|x64
		{78F9C5C3-B770-4FDC-B652-461F1DB98254}.Release|x86.ActiveCfg = Release|Win32
		{78F9C5C3-B770-4FDC-B652-461F1DB98254}.Release|x86.Build.0 = Release|Win32
		{C449472E-6538-4B50-AFD4-FBC56279CF04}.Debug|x64.ActiveCfg = Debug|x64
		{C449472E-6538-4B50-AFD4-FBC56279CF04}.Debug|x64.Build.0 = Debug|x64
		{C449472E-6538-4B50-AFD4-FBC56279CF04}.Debug|x86.ActiveCfg = Debug|Win32
		{C449472E-6538-4B50-AFD4-FBC56279CF04}.Debug|x86.Build.0 = Debug|Win32
		{C449472E-6538-4B50-AFD4-FBC56279CF04}.Release|x64.ActiveCfg = Release|x64
		{C449472E-6538-4B50-AFD4-FBC56279CF04}.Release|x64.Build.0 = Release|x64
		{C449472E-6538-4B50-AFD4-FBC56279CF04}.Release|x86.ActiveCfg = Release|Win32
		{C449472E-6538-4B50-AFD4-FBC56279CF04}.Release|x86.Build.0 = Release|Win32
		{04CB81B8-524B-405B-9216-39F9EE7F5EEB}.Debug|x64.ActiveCfg = Debug|x64
		{04CB81B8-524B-405B-9216-39F9EE7F5EEB}.Debug|x64.Build.0 = Debug|x64
		{04CB81B8-524B-405B-9216-39F9EE7F5EEB}.Debug|x86.ActiveCfg = Debug|Win32
		{04CB81B8-524B-405B-9216-39F9EE7F5EEB}.Debug|x86.Build.0 = Debug|Win32
		{04CB81B8-524B-405B-9216-39F9EE7F5EEB}.Release|x64.ActiveCfg = Release|x64
		{04CB81B8-524B-405B-9216-39F9EE7F5EEB}.Release|x64.Build.0 = Release|x64
		{04CB81B8-524B-405B-9216-39F9EE7F5EEB}.Release|x86.ActiveCfg = Release|Win32
		{04CB81B8-524B-405B-9216-39F9EE7F5EEB}.Release|x86.Build.0 = Release|Win32
		{F3398F04-EA45-4FC4-AC61-4FC292A7D2A8}.Debug|x64.ActiveCfg = Debug|x64
		{F3398F04-EA45-4FC4-AC61-4FC292A7D2A8}.Debug|x64.Build.0 = Debug|x64
		{F3398F04-EA45-4FC4-AC61-4FC292A7D2A8}.Debug|x86.ActiveCfg = Debug|Win32
		{F3398F04-EA45-4FC4-AC61-4FC292A7D2A8}.Debug|x86.Build.0 = Debug|Win32
		{F3398F04-EA45-4FC4-AC61-4FC292A7D2A8}.Release|x64.ActiveCfg = Release|x64
		{F3398F04-EA45-4FC4-AC61-4FC292A7D2A8}.Release|x64.Build.0 = Release|x64
		{F3398F04-EA45-4FC4-AC61-4FC292A7D2A8}.Release|x86.ActiveCfg = Release|Win32
		{F3398F04-EA45-4FC4-AC61-4FC292A7D2A8}.Release|x86.Build.0 = Release|Win32
		{FDED9B9E-812B-42E9-A4FE-C2E2F09C6644}.Debug|x64.ActiveCfg = Debug|x64
		{FDED9B9E-812B-42E9-A4FE-C2E2F09C6644}.Debug|x64.Build.0 = Debug|x64
		{FDED9B9E-812B-42E9-A4FE-C2E2F09C6644}.Debug|x86.ActiveCfg = Debug|Win32
		{FDED9B9E-812B-42E9-A4FE-C2E2F09C6644}.Debug|x86.Build.0 = Debug|Win32
		{FDED9B9E-812B-42E9-A4FE-C2E2F09C6644}.Release|x64.ActiveCfg = Release|x64
		{FDED9B9E-812B-42E9-A4FE-C2E2F09C6644}.Release|x64.Build.0 = Release|x64
		{FDED9B9E-812B-42E9-A4FE-C2E2F09C6644}.Release|x86.ActiveCfg = Release|Win32
		{FDED9B9E-812B-42E9-A4FE-C2E2F09C6644}.Release|x86.Build.0 = Release|Win32
		{F78BD834-FA9E-4916-BB96-DE36C7102C9F}.Debug|x64.ActiveCfg = Debug|x64
		{F78BD834-FA9E-4916-BB96-DE36C7102C9F}.Debug|x64.Build.0 = Debug|x64
		{F78BD834-FA9E-4916-BB96-DE36C7102C9F}.Debug|x86.ActiveCfg = Debug|Win32
		{F78BD834-FA9E-4916-BB96-DE36C7102C9F}.Debug|x86.Build.0 = Debug|Win32
		{F78BD834-FA9E-4916-BB96-DE36C7102C9F}.Release|x64.ActiveCfg = Release|x64
		{F78BD834-FA9E-4916-BB96-DE36C7102C9F}.Release|x64.Build.0 = Release|x64
		{F78BD834-FA9E-4916-BB96-DE36C7102C9F}.Release|x86.ActiveCfg = Release|Win32
		{F78BD834-FA9E-4916-BB96-DE36C7102C9F}.Release|x86.Build.0 = Release|Win32
		{808068EE-CB96-4ACF-BF4A-BD1543970C5B}.Debug|x64.ActiveCfg = Debug|x64
		{808068EE-CB96-4ACF-BF4A-BD1543970C5B}.Debug|x64.Build.0 = Debug|x64
		{808068EE-CB96-4ACF-BF4A-BD1543970C5B}.Debug|x86.ActiveCfg = Debug|Win32
		{808068EE-CB96-4ACF-BF4A-BD1543970C5B}.Debug|x86.Build.0 = Debug|Win32
		{808068EE-CB96-4ACF-BF4A-BD1543970C5B}.Release|x64.ActiveCfg = Release|x64
		{808068EE-CB96-4ACF-BF4A-BD1543970C5B}.Release|x64.Build.0 = Release|x64
		{808068EE-CB96-4ACF-BF4A-BD1543970C5B}.Release|x86.ActiveCfg = Release|Win32
		{808068EE-CB96-4ACF-BF4A-BD1543970C5B}.Release|x86.Build.0 = Release|Win32
		{F7C545E2-D996-4ADB-92BB-2C531A6348EA}.Debug|x64.ActiveCfg = Debug|x64
		{F7C545E2-D996-4ADB-92BB-2C531A6348EA}.Debug|x64.Build.0 = Debug|x64
		{F7C545E2-D996-4ADB-92BB-2C531A6348EA}.Debug|x86.ActiveCfg = Debug|Win32
		{F7C545E2-D996-4ADB-92BB-2C531A6348EA}.Debug|x86.Build.0 = Debug|Win32
		{F7C545E2-D996-4ADB-92BB-2C531A6348EA}.Release|x64.ActiveCfg = Release|x64
		{F7C545E2-D996-4ADB-92BB-2C531A6348EA}.Release|x64.Build.0 = Release|x64
		{F7C545E2-D996-4ADB-92BB-2C531A6348EA}.Release|x86.ActiveCfg = Release|Win32
		{F7C545E2-D996-4ADB-92BB-2C531A6348EA}.Release|x86.Build.0 = Release|Win32
		{6685FF90-AA45-461C-B74D-CEA5A2DBD1F0}.Debug|x64.ActiveCfg = Debug|x64
		{6685FF90-AA45-461C-B74D-CEA5A2DBD1F0}.Debug|x64.Build.0 = Debug|x64
		{6685FF90-AA45-461C-B74D-CEA5A2DBD1F0}.Debug|x86.ActiveCfg = Debug|Win32
		{6685FF90-AA45-461C-B74D-CEA5A2DBD1F0}.Debug|x86.Build.0 = Debug|Win32
		{6685FF90-AA45-461C-B74D-CEA5A2DBD1F0}.Release|x64.ActiveCfg = Release|x64
		{6685FF90-AA45-461C-B74D-CEA5A2DBD1F0}.Release|x64.Build.0 = Release|x64
		{6685FF90-AA45-461C-B74D-CEA5A2DBD1F0}.Release|x86.ActiveCfg = Release|Win32
		{6685FF90-AA45-461C-B74D-CEA5A2DBD1F0}.Release|x86.Build.0 = Release|Win32
		{D73028C5-923A-4A92-B3D6-5CD8F6CFD9BB}.Debug|x64.ActiveCfg = Debug|x64
		{D73028C5-923A-4A92-B3D6-5CD8F6CFD9BB}.Debug|x64.Build.0 = Debug|x64
		{D73028C5-923A-4A92-B3D6-5CD8F6CFD9BB}.Debug|x86.ActiveCfg = Debug|Win32
		{D73028C5-923A-4A92-B3D6-5CD8F6CFD9BB}.Debug|x86.Build.0 = Debug|Win32
		{D73028C5-923A-4A92-B3D6-5CD8F6CFD9BB}.Release|x64.ActiveCfg = Release|x64
		{D73028C5-923A-4A92-B3D6-5CD8F6CFD9BB}.Release|x64.Build.0 = Release|x64
		{D73028C5-923A-4A92-B3D6-5CD8F6CFD9BB}.Release|x86.ActiveCfg = Release|Win32
		{D73028C5-923A-4A92-B3D6-5CD8F6CFD9BB}.Release|x86.Build.0 = Release|Win32
		{59784F14-A037-4A86-8B69-F650120C5DD6}.Debug|x64.ActiveCfg = Debug|x64
		{59784F14-A037-4A86-8B69-F650120C5DD6}.Debug|x64.Build.0 = Debug|x64
		{59784F14-A037-4A86-8B69-F650120C5DD6}.Debug|x86.ActiveCfg = Debug|Win32
		{59784F14-A037-4A86-8B69-F650120C5DD6}.Debug|x86.Build.0 = Debug|Win32
		{59784F14-A037-4A86-8B69-F650120C5DD6}.Release|x64.ActiveCfg = Release|x64
		{59784F14-A037-4A86-8B69-F650120C5DD6}.Release|x64.Build.0 = Release|x64
		{59784F14-A037-4A86-8B69-F650120C5DD6}.Release|x86.ActiveCfg = Release|Win32
		{59784F14-A037-4A86-8B69-F650120C5DD6}.Release|x86.Build.0 = Release|Win32
		{4CF5C5F7-EAC1-4D16-B9F3-A43B51A1531B}.Debug|x64.ActiveCfg = Debug|x64
		{4CF5C5F7-EAC1-4D16-B9F3-A43B51A1531B}.Debug|x64.Build.0 = Debug|x64
		{4CF5C5F7-EAC1-4D16-B9F3-A43B51A1531B}.Debug|x86.ActiveCfg = Debug|Win32
		{4CF5C5F7-EAC1-4D16-B9F3-A43B51A1531B}.Debug|x86.Build.0 = Debug|Win32
		{4CF5C5F7-EAC1-4D16-B9F3-A43B51A1531B}.Release|x64.ActiveCfg = Release|x64
		{4CF5C5F7-EAC1-4D16-B9F3-A43B51A1531B}.Release|x64.Build.0 = Release|x64
		{4CF5C5F7-EAC1-4D16-B9F3-A43B51A1531B}.Release|x86.ActiveCfg = Release|Win32
		{4CF5C5F7-EAC1-4D16-B9F3-A43B51A1531B}.Release|x86.Build.0 = Release|Win32
		{FB25E663-714D-421C-88DD-49FB56994CB8}.Debug|x64.ActiveCfg = Debug|x64
		{FB25E663-714D-421C-88DD-49FB56994CB8}.Debug|x64.Build.0 = Debug|x64
		{FB25E663-714D-421C-88DD-49FB56994CB8}.Debug|x86.ActiveCfg = Debug|Win32
		{FB25E663-714D-421C-88DD-49FB56994CB8}.Debug|x86.Build.0 = Debug|Win32
		{FB25E663-714D-421C-88DD-49FB56994CB8}.Release|x64.ActiveCfg = Release|x64
		{FB25E663-714D-421C-88DD-49FB56994CB8}.Release|x64.Build.0 = Release|x64
		{FB25E663-714D-421C-88DD-49FB56994CB8}.Release|x86.ActiveCfg = Release|Win32
		{FB25E663-714D-421C-88DD-49FB56994CB8}.Release|x86.Build.0 = Release|Win32
		{952E7CAB-5A56-4114-BEA8-4C5401CBB134}.Debug|x64.ActiveCfg = Debug|x64
		{952E7CAB-5A56-4114-BEA8-4C5401CBB134}.Debug|x64.Build.0 = Debug|x64
		{952E7CAB-5A56-4114-BEA8-4C5401CBB134}.Debug|x86.ActiveCfg = Debug|Win32
		{952E7CAB-5A56-4114-BEA8-4C5401CBB134}.Debug|x86.Build.0 = Debug|Win32
		{952E7CAB-5A56-4114-BEA8-4C5401CBB134}.Release|x64.ActiveCfg = Release|x64
		{952E7CAB-5A56-4114-BEA8-4C5401CBB134}.Release|x64.Build.0 = Release|x64
		{952E7CAB-5A56-4114-BEA8-4C5401CBB134}.Release|x86.ActiveCfg = Release|Win32
		{952E7CAB-5A56-4114-BEA8-4C5401CBB134}.Release|x86.Build.0 = Release|Win32
		{EA7E6661-62DE-4C31-A6EC-BC2A85778B9A}.Debug|x64.ActiveCfg = Debug|x64
		{EA7E6661-62DE-4C31-A6EC-BC2A85778B9A}.Debug|x64.Build.0 = Debug|x64
		{EA7E6661-62DE-4C31-A6EC-BC2A85778B9A}.Debug|x86.ActiveCfg = Debug|Win32
		{EA7E6661-62DE-4C31-A6EC-BC2A85778B9A}.Debug|x86.Build.0 = Debug|Win32
		{EA7E6661-62DE-4C31-A6EC-BC2A85778B9A}.Release|x64.ActiveCfg = Release|x64
		{EA7E6661-62DE-4C31-A6EC-BC2A85778B9A}.Release|x64.Build.0 = Release|x64
		{EA7E6661-62DE-4C31-A6EC-BC2A85778B9A}.Release|x86.ActiveCfg = Release|Win32
		{EA7E6661-62DE-4C31-A6EC-BC2A85778B9A}.Release|x86.Build.0 = Release|Win32
		{55A7C9A4-6F45-4688-8EC7-3FCF2B24B5ED}.Debug|x64.ActiveCfg = Debug|x64
		{55A7C9A4-6F45-4688-8EC7-3FCF2B24B5ED}.Debug|x64.Build.0 = Debug|x64
		{55A7C9A4-6F45-4688-8EC7-3FCF2B24B5ED}.Debug|x86.ActiveCfg = Debug|Win32
		{55A7C9A4-6F45-4688-8EC7-3FCF2B24B5ED}.Debug|x86.Build.0 = Debug|Win32
		{55A7C9A4-6F45-4688-8EC7-3FCF2B24B5ED}.Release|x64.ActiveCfg = Release|x64
		{55A7C9A4-6F45-4688-8EC7-3FCF2B24B5ED}.Release|x64.Build.0 = Release|x64
		{55A7C9A4-6F45-4688-8EC7-3FCF2B24B5ED}.Release|x86.ActiveCfg = Release|Win32
		{55A7C9A4-6F45-4688-8EC7-3FCF2B24B5ED}.Release|x86.Build.0 = Release|Win32
		{82496015-E9C9-4F01-A244-160AC0E50498}.Debug|x64.ActiveCfg = Debug|x64
		{82496015-E9C9-4F01-A244-160AC0E50498}.Debug|x64.Build.0 = Debug|x64
		{82496015-E9C9-4F01-A244-160AC0E50498}.Debug|x86.ActiveCfg = Debug|Win32
		{82496015-E9C9-4F01-A244-160AC0E50498}.Debug|x86.Build.0 = Debug|Win32
		{82496015-E9C9-4F01-A244-160AC0E50498}.Release|x64.ActiveCfg = Release|x64
		{82496015-E9C9-4F01-A244-160AC0E50498}.Release|x64.Build.0 = Release|x64
		{82496015-E9C9-4F01-A244-160AC0E50498}.Release|x86.ActiveCfg = Release|Win32
		{82496015-E9C9-4F01-A244-160AC0E50498}.Release|x86.Build.0 = Release|Win32
		{D89A876B-20DD-4E03-8730-82CB8CB0DB33}.Debug|x64.ActiveCfg = Debug|x64
		{D89A876B-20DD-4E03-8730-82CB8CB0DB33}.Debug|x64.Build.0 = Debug|x64
		{D89A876B-20DD-4E03-8730-82CB8CB0DB33}.Debug|x86.ActiveCfg = Debug|Win32
		{D89A876B-20DD-4E03-8730-82CB8CB0DB33}.Debug|x86.Build.0 = Debug|Win32
		{D89A876B-20DD-4E03-8730-82CB8CB0DB33}.Release|x64.ActiveCfg = Release|x64
		{D89A876B-20DD-4E03-8730-82CB8CB0DB33}.Release|x64.Build.0 = Release|x64
		{D89A876B-20DD-4E03-8730-82CB8CB0DB33}.Release|x86.ActiveCfg = Release|Win32
		{D89A876B-20DD-4E03-8730-82CB8CB0DB33}.Release|x86.Build.0 = Release|Win32
		{188C6ADB-48A3-4AA2-8D51-76E4E1963646}.Debug|x64.ActiveCfg = Debug|x64
		{188C6ADB-48A3-4AA2-8D51-76E4E1963646}.Debug|x64.Build.0 = Debug|x64
		{188C6ADB-48A3-4AA2-8D51-76E4E1963646}.Debug|x86.ActiveCfg = Debug|Win32
		{188C6ADB-48A3-4AA2-8D51-76E4E1963646}.Debug|x86.Build.0 = Debug|Win32
		{188C6ADB-48A3-4AA2-8D51-76E4E1963646}.Release|x64.ActiveCfg = Release|x64
		{188C6ADB-48A3-4AA2-8D51-76E4E1963646}.Release|x64.Build.0 = Release|x64
		{188C6ADB-48A3-4AA2-8D51-76E4E1963646}.Release|x86.ActiveCfg = Release|Win32
		{188C6ADB-48A3-4AA2-8D51-76E4E1963646}.Release|x86.Build.0 = Release|Win32
		{5C29FE61-6253-417D-AD57-71FAF37F9D50}.Debug|x64.ActiveCfg = Debug|x64
		{5C29FE61-6253-417D-AD57-71FAF37F9D50}.Debug|x64.Build.0 = Debug|x64
		{5C29FE61-6253-417D-AD57-71FAF37F9D50}.Debug|x86.ActiveCfg = Debug|Win32
		{5C29FE61-6253-417D-AD57-71FAF37F9D50}.Debug|x86.Build.0 = Debug|Win32
		{5C29FE61-6253-417D-AD57-71FAF37F9D50}.Release|x64.ActiveCfg = Release|x64
		{5C29FE61-6253-417D-AD57-71FAF37F9D50}.Release|x64.Build.0 = Release|x64
		{5C29FE61-6253-417D-AD57-71FAF37F9D50}.Release|x86.ActiveCfg = Release|Win32
		{5C29FE61-6253-417D-AD57-71FAF37F9D50}.Release|x86.Build.0 = Release|Win32
		{6EC4D0D4-E57B-4CA3-9730-A77E2B7BD585}.Debug|x64.ActiveCfg = Debug|x64
		{6EC4D0D4-E57B-4CA3-9730-A77E2B7BD585}.Debug|x64.Build.0 = Debug|x64
		{6EC4D0D4-E57B-4CA3-9730-A77E2B7BD585}.Debug|x86.ActiveCfg = Debug|Win32
		{6EC4D0D4-E57B-4CA3-9730-A77E2B7BD585}.Debug|x86.Build.0 = Debug|Win32
		{6EC4D0D4-E57B-4CA3-9730-A77E2B7BD585}.Release|x64.ActiveCfg = Release|x64
		{6EC4D0D4-E57B-4CA3-9730-A77E2B7BD585}.Release|x64.Build.0 = Release|x64
		{6EC4D0D4-E57B-4CA3-9730-A77E2B7BD585}.Release|x86.ActiveCfg = Release|Win32
		{6EC4D0D4-E57B-4CA3-9730-A77E2B7BD585}.Release|x86.Build.0 = Release|Win32
		{28E53D8B-3A91-4AFD-AC87-BF3310171D80}.Debug|x64.ActiveCfg = Debug|x64
		{28E53D8B-3A91-4AFD-AC87-BF3310171D80}.Debug|x64.Build.0 = Debug|x64
		{28E53D8B-3A91-4AFD-AC87-BF3310171D80}.Debug|x86.ActiveCfg = Debug|Win32
		{28E53D8B-3A91-4AFD-AC87-BF3310171D80}.Debug|x86.Build.0 = Debug|Win32
		{28E53D8B-3A91-4AFD-AC87-BF3310171D80}.Release|x64.ActiveCfg = Release|x64
		{28E53D8B-3A91-4AFD-AC87-BF3310171D80}.Release|x64.Build.0 = Release|x64
		{28E53D8B-3A91-4AFD-AC87-BF3310171D80}.Release|x86.ActiveCfg = Release|Win32
		{28E53D8B-3A91-4AFD-AC87-BF3310171D80}.Release|x86.Build.0 = Release|Win32
		{38FA63C1-69AF-436E-A059-0A7503288E90}.Debug|x64.ActiveCfg = Debug|x64
		{38FA63C1-69AF-436E-A059-0A7503288E90}.Debug|x64.Build.0 = Debug|x64
		{38FA63C1-69AF-436E-A059-0A7503288E90}.Debug|x86.ActiveCfg = Debug|Win32
		{38FA63C1-69AF-436E-A059-0A7503288E90}.Debug|x86.Build.0 = Debug|Win32
		{38FA63C1-69AF-436E-A059-0A7503288E90}.Release|x64.ActiveCfg = Release|x64
		{38FA63C1-69AF-436E-A059-0A7503288E90}.Release|x64.Build.0 = Release|x64
		{38FA63C1-69AF-436E-A059-0A7503288E90}.Release|x86.ActiveCfg = Release|Win32
		{38FA63C1-69AF-436E-A059-0A7503288E90}.Release|x86.Build.0 = Release|Win32
		{409F0D1F-33A1-4310-BCD9-AA24A3B910E9}.Debug|x64.ActiveCfg = Debug|x64
		{409F0D1F-33A1-4310-BCD9-AA24A3B910E9}.Debug|x64.Build.0 = Debug|x64
		{409F0D1F-33A1-4310-BCD9-AA24A3B910E9}.Debug|x86.ActiveCfg = Debug|Win32
		{409F0D1F-33A1-4310-BCD9-AA24A3B910E9}.Debug|x86.Build.0 = Debug|Win32
		{409F0D1F-33A1-4310-BCD9-AA24A3B910E9}.Release|x64.ActiveCfg = Release|x64
		{409F0D1F-33A1-4310-BCD9-AA24A3B910E9}.Release|x64.Build.0 = Release|x64
		{409F0D1F-33A1-4310-BCD9-AA24A3B910E9}.Release|x86.ActiveCfg = Release|Win32
		{409F0D1F-33A1-4310-BCD9-AA24A3B910E9}.Release|x86.Build.0 = Release|Win32
		{18252798-BB04-419E-9669-6369D04BC016}.Debug|x64.ActiveCfg = Debug|x64
		{18252798-BB04-419E-9669-6369D04BC016}.Debug|x64.Build.0 = Debug|x64
		{18252798-BB04-419E-9669-6369D04BC016}.Debug|x86.ActiveCfg = Debug|Win32
		{18252798-BB04-419E-9669-6369D04BC016}.Debug|x86.Build.0 = Debug|Win32
		{18252798-BB04-419E-9669-6369D04BC016}.Release|x64.ActiveCfg = Release|x64
		{18252798-BB04-419E-9669-6369D04BC016}.Release|x64.Build.0 = Release|x64
		{18252798-BB04-419E-9669-6369D04BC016}.Release|x86.ActiveCfg = Release|Win32
		{18252798-BB04-419E-9669-6369D04BC016}.Release|x86.Build.0 = Release|Win32
		{B29B72D8-9183-4B1C-B7D1-98E9BAF16E11}.Debug|x64.ActiveCfg = Debug|x64
		{B29B72D8-9183-4B1C-B7D1-98E9BAF16E11}.Debug|x64.Build.0 = Debug|x64
		{B29B72D8-9183-4B1C-B7D1-98E9BAF16E11}.Debug|x86.ActiveCfg = Debug|Win32
		{B29B72D8-9183-4B1C-B7D1-98E9BAF16E11}.Debug|x86.Build.0 = Debug|Win32
		{B29B72D8-9183-4B1C-B7D1-98E9BAF16E11}.Release|x64.ActiveCfg = Release|x64
		{B29B72D8-9183-4B1C-B7D1-98E9BAF16E11}.Release|x64.Build.0 = Release|x64
		{B29B72D8-9183-4B1C-B7D1-98E9BAF16E11}.Release|x86.ActiveCfg = Release|Win32
		{B29B72D8-9183-4B1C-B7D1-98E9BAF16E11}.Release|x86.Build.0 = Release|Win32
		{F7ABD524-5EB2-46A3-BE2E-9A6BF8A524E6}.Debug|x64.ActiveCfg = Debug|x64
		{F7ABD524-5EB2-46A3-BE2E-9A6BF8A524E6}.Debug|x64.Build.0 = Debug|x64
		{F7ABD524-5EB2-46A3-BE2E-9A6BF8A524E6}.Debug|x86.ActiveCfg = Debug|Win32
		{F7ABD524-5EB2-46A3-BE2E-9A6BF8A524E6}.Debug|x86.Build.0 = Debug|Win32
		{F7ABD524-5EB2-46A3-BE2E-9A6BF8A524E6}.Release|x64.ActiveCfg = Release|x64
		{F7ABD524-5EB2-46A3-BE2E-9A6BF8A524E6}.Release|x64.Build.0 = Release|x64
		{F7ABD524-5EB2-46A3-BE2E-9A6BF8A524E6}.Release|x86.ActiveCfg = Release|Win32
		{F7ABD524-5EB2-46A3-BE2E-9A6BF8A524E6}.Release|x86.Build.0 = Release|Win32
		{57143AA6-D6E9-42E9-B2AF-A1194F9DE473}.Debug|x64.ActiveCfg = Debug|x64
		{57143AA6-D6E9-42E9-B2AF-A1194F9DE473}.Debug|x64.Build.0 = Debug|x64
		{57143AA6-D6E9-42E9-B2AF-A1194F9DE473}.Debug|x86.ActiveCfg = Debug|Win32
		{57143AA6-D6E9-42E9-B2AF-A1194F9DE473}.Debug|x86.Build.0 = Debug|Win32
		{57143AA6-D6E9-42E9-B2AF-A1194F9DE473}.Release|x64.ActiveCfg = Release|x64
		{57143AA6-D6E9-42E9-B2AF-A1194F9DE473}.Release|x64.Build.0 = Release|x64
		{57143AA6-D6E9-42E9-B2AF-A1194F9DE473}.Release|x86.ActiveCfg = Release|Win32
		{57143AA6-D6E9-42E9-B2AF-A1194F9DE473}.Release|x86.Build.0 = Release|Win32
		{D60BDC49-1A9A-42F3-8F8E-AC07F04EA2F8}.Debug|x64.ActiveCfg = Debug|x64
		{D60BDC49-1A9A-42F3-8F8E-AC07F04EA2F8}.Debug|x64.Build.0 = Debug|x64
		{D60BDC49-1A9A-42F3-8F8E-AC07F04EA2F8}.Debug|x86.ActiveCfg = Debug|Win32
		{D60BDC49-1A9A-42F3-8F8E-AC07F04EA2F8}.Debug|x86.Build.0 = Debug|Win32
		{D60BDC49-1A9A-42F3-8F8E-AC07F04EA2F8}.Release|x64.ActiveCfg = Release|x64
		{D60BDC49-1A9A-42F3-8F8E-AC07F04EA2F8}.Release|x64.Build.0 = Release|x64
		{D60BDC49-1A9A-42F3-8F8E-AC07F04EA2F8}.Release|x86.ActiveCfg = Release|Win32
		{D60BDC49-1A9A-42F3-8F8E-AC07F04EA2F8}.Release|x86.Build.0 = Release|Win32
		{6DD061B0-5626-4C8A-8FB8-A54559CE8452}.Debug|x64.ActiveCfg = Debug|x64
		{6DD061B0-5626-4C8A-8FB8-A54559CE8452}.Debug|x64.Build.0 = Debug|x64
		{6DD061B0-5626-4C8A-8FB8-A54559CE8452}.Debug|x86.ActiveCfg = Debug|Win32
		{6DD061B0-5626-4C8A-8FB8-A54559CE8452}.Debug|x86.Build.0 = Debug|Win32
		{6DD061B0-5626-4C8A-8FB8-A54559CE8452}.Release|x64.ActiveCfg = Release|x64
		{6DD061B0-5626-4C8A-8FB8-A54559CE8452}.Release|x64.Build.0 = Release|x64
		{6DD061B0-5626-4C8A-8FB8-A54559CE8452}.Release|x86.ActiveCfg = Release|Win32
		{6DD061B0-5626-4C8A-8FB8-A54559CE8452}.Release|x86.Build.0 = Release|Win32
		{F0B9B6F7-79CA-476D-A21E-A077D897E191}.Debug|x64.ActiveCfg = Debug|x64
		{F0B9B6F7-79CA-476D-A21E-A077D897E191}.Debug|x64.Build.0 = Debug|x64
		{F0B9B6F7-79CA-476D-A21E-A077D897E191}.Debug|x86.ActiveCfg = Debug|Win32
		{F0B9B6F7-79CA-476D-A21E-A077D897E191}.Debug|x86.Build.0 = Debug|Win32
		{F0B9B6F7-79CA-476D-A21E-A077D897E191}.Release|x64.ActiveCfg = Release|x64
		{F0B9B6F7-79CA-476D-A21E-A077D897E191}.Release|x64.Build.0 = Release|x64
		{F0B9B6F7-79CA-476D-A21E-A077D897E191}.Release|x86.ActiveCfg = Release|Win32
		{F0B9B6F7-79CA-476D-A21E-A077D897E191}.Release|x86.Build.0 = Release|Win32
		{36D9364F-D325-4888-A204-DAD6575DD803}.Debug|x64.ActiveCfg = Debug|x64
		{36D9364F-D325-4888-A204-DAD6575DD803}.Debug|x64.Build.0 = Debug|x64
		{36D9364F-D325-4888-A204-DAD6575DD803}.Debug|x86.ActiveCfg = Debug|Win32
		{36D9364F-D325-4888-A204-DAD6575DD803}.Debug|x86.Build.0 = Debug|Win32
		{36D9364F-D325-4888-A204-DAD6575DD803}.Release|x64.ActiveCfg = Release|x64
		{36D9364F-D325-4888-A204-DAD6575DD803}.Release|x64.Build.0 = Release|x64
		{36D9364F-D325-4888-A204-DAD6575DD803}.Release|x86.ActiveCfg = Release|Win32
		{36D9364F-D325-4888-A204-DAD6575DD803}.Release|x86.Build.0 = Release|Win32
		{56CCE101-2A09-4D0C-95EF-B5B013F55E35}.Debug|x64.ActiveCfg = Debug|x64
		{56CCE101-2A09-4D0C-95EF-B5B013F55E35}.Debug|x64.Build.0 = Debug|x64
		{56CCE101-2A09-4D0C-95EF-B5B013F55E35}.Debug|x86.ActiveCfg = Debug|Win32
		{56CCE101-2A09-4D0C-95EF-B5B013F55E35}.Debug|x86.Build.0 = Debug|Win32
		{56CCE101-2A09-4D0C-95EF-B5B013F55E35}.Release|x64.ActiveCfg = Release|x64
		{56CCE101-2A09-4D0C-95EF-B5B013F55E35}.Release|x64.Build.0 = Release|x64
		{56CCE101-2A09-4D0C-95EF-B5B013F55E35}.Release|x86.ActiveCfg = Release|Win32
		{56CCE101-2A09-4D0C-95EF-B5B013F55E35}.Release|x86.Build.0 = Release|Win32
		{962F7423-6CC2-4AAE-8578-7BA888CB63DA}.Debug|x64.ActiveCfg = Debug|x64
		{962F7423-6CC2-4AAE-8578-7BA888CB63DA}.Debug|x64.Build.0 = Debug|x64
		{962F7423-6CC2-4AAE-8578-7BA888CB63DA}.Debug|x86.ActiveCfg = Debug|Win32
		{962F7423-6CC2-4AAE-8578-7BA888CB63DA}.Debug|x86.Build.0 = Debug|Win32
		{962F7423-6CC2-4AAE-8578-7BA888CB63DA}.Release|x64.ActiveCfg = Release|x64
		{962F7423-6CC2-4AAE-8578-7BA888CB63DA}.Release|x64.Build.0 = Release|x64
		{962F7423-6CC2-4AAE-8578-7BA888CB63DA}.Release|x86.ActiveCfg = Release|Win32
		{962F7423-6CC2-4AAE-8578-7BA888CB63DA}.Release|x86.Build.0 = Release|Win32
		{99D91A17-6199-4FAD-9567-58EA7B7A2091}.Debug|x64.ActiveCfg = Debug|x64
		{99D91A17-6199-4FAD-9567-58EA7B7A2091}.Debug|x64.Build.0 = Debug|x64
		{99D91A17-6199-4FAD-9567-58EA7B7A2091}.Debug|x86.ActiveCfg = Debug|Win32
		{99D91A17-6199-4FAD-9567-58EA7B7A2091}.Debug|x86.Build.0 = Debug|Win32
		{99D91A17-6199-4FAD-9567-58EA7B7A2091}.Release|x64.ActiveCfg = Release|x64
		{99D91A17-6199-4FAD-9567-58EA7B7A2091}.Release|x64.Build.0 = Release|x64
		{99D91A17-6199-4FAD-9567-58EA7B7A2091}.Release|x86.ActiveCfg = Release|Win32
		{99D91A17-6199-4FAD-9567-58EA7B7A2091}.Release|x86.Build.0 = Release|Win32
		{501B4859-EB43-43DD-9B8D-98E714A9F5DF}.Debug|x64.ActiveCfg = Debug|x64
		{501B4859-EB43-43DD-9B8D-98E714A9F5DF}.Debug|x64.Build.0 = Debug|x64
		{501B4859-EB43-43DD-9B8D-98E714A9F5DF}.Debug|x86.ActiveCfg = Debug|Win32
		{501B4859-EB43-43DD-9B8D-98E714A9F5DF}.Debug|x86.Build.0 = Debug|Win32
		{501B4859-EB43-43DD-9B8D-98E714A9F5DF}.Release|x64.ActiveCfg = Release|x64
		{501B4859-EB43-43DD-9B8D-98E714A9F5DF}.Release|x64.Build.0 = Release|x64
		{501B4859-EB43-43DD-9B8D-98E714A9F5DF}.Release|x86.ActiveCfg = Release|Win32
		{501B4859-EB43-43DD-9B8D-98E714A9F5DF}.Release|x86.Build.0 = Release|Win32
		{3CB2B37F-D611-46F1-9FBF-3638C3168F85}.Debug|x64.ActiveCfg = Debug|x64
		{3CB2B37F-D611-46F1-9FBF-3638C3168F85}.Debug|x64.Build.0 = Debug|x64
		{3CB2B37F-D611-46F1-9FBF-3638C3168F85}.Debug|x86.ActiveCfg = Debug|Win32
		{3CB2B37F-D611-46F1-9FBF-3638C3168F85}.Debug|x86.Build.0 = Debug|Win32
		{3CB2B37F-D611-46F1-9FBF-3638C3168F85}.Release|x64.ActiveCfg = Release|x64
		{3CB2B37F-D611-46F1-9FBF-3638C3168F85}.Release|x64.Build.0 = Release|x64
		{3CB2B37F-D611-46F1-9FBF-3638C3168F85}.Release|x86.ActiveCfg = Release|Win32
		{3CB2B37F-D611-46F1-9FBF-3638C3168F85}.Release|x86.Build.0 = Release|Win32
		{B3A79DB4-7C54-4862-9B6A-7978DCF41D01}.Debug|x64.ActiveCfg = Debug|x64
		{B3A79DB4-7C54-4862-9B6A-7978DCF41D01}.Debug|x64.Build.0 = Debug|x64
		{B3A79DB4-7C54-4862-9B6A-7978DCF41D01}.Debug|x86.ActiveCfg = Debug|Win32
		{B3A79DB4-7C54-4862-9B6A-7978DCF41D01}.Debug|x86.Build.0 = Debug|Win32
		{B3A79DB4-7C54-4862-9B6A-7978DCF41D01}.Release|x64.ActiveCfg = Release|x64
		{B3A79DB4-7C54-4862-9B6A-7978DCF41D01}.Release|x64.Build.0 = Release|x64
		{B3A79DB4-7C54-4862-9B6A-7978DCF41D01}.Release|x86.ActiveCfg = Release|Win32
		{B3A79DB4-7C54-4862-9B6A-7978DCF41D01}.Release|x86.Build.0 = Release|Win32
		{963C9E29-518D-4A63-9CC6-CB2E10C2945F}.Debug|x64.ActiveCfg = Debug|x64
		{963C9E29-518D-4A63-9CC6-CB2E10C2945F}.Debug|x64.Build.0 = Debug|x64
		{963C9E29-518D-4A63-9CC6-CB2E10C2945F}.Debug|x86.ActiveCfg = Debug|Win32
		{963C9E29-518D-4A63-9CC6-CB2E10C2945F}.Debug|x86.Build.0 = Debug|Win32
		{963C9E29-518D-4A63-9CC6-CB2E10C2945F}.Release|x64.ActiveCfg = Release|x64
		{963C9E29-518D-4A63-9CC6-CB2E10C2945F}.Release|x64.Build.0 = Release|x64
		{963C9E29-518D-4A63-9CC6-CB2E10C2945F}.Release|x86.ActiveCfg = Release|Win32
		{963C9E29-518D-4A63-9CC6-CB2E10C2945F}.Release|x86.Build.0 = Release|Win32
		{F33AF9ED-4A6E-484D-8A49-5CD64C6BD423}.Debug|x64.ActiveCfg = Debug|x64
		{F33AF9ED-4A6E-484D-8A49-5CD64C6BD423}.Debug|x64.Build.0 = Debug|x64
		{F33AF9ED-4A6E-484D-8A49-5CD64C6BD423}.Debug|x86.ActiveCfg = Debug|Win32
		{F33AF9ED-4A6E-484D-8A49-5CD64C6BD423}.Debug|x86.Build.0 = Debug|Win32
		{F33AF9ED-4A6E-484D-8A49-5CD64C6BD423}.Release|x64.ActiveCfg = Release|x64
		{F33AF9ED-4A6E-484D-8A49-5CD64C6BD423}.Release|x64.Build.0 = Release|x64
		{F33AF9ED-4A6E-484D-8A49-5CD64C6BD423}.Release|x86.ActiveCfg = Release|Win32
		{F33AF9ED-4A6E-484D-8A49-5CD64C6BD423}.Release|x86.Build.0 = Release|Win32
		{2A703B51-9494-4655-B6E1-BE617B1205B3}.Debug|x64.ActiveCfg = Debug|x64
		{2A703B51-9494-4655-B6E1-BE617B1205B3}.Debug|x64.Build.0 = Debug|x64
		{2A703B51-9494-4655-B6E1-BE617B1205B3}.Debug|x86.ActiveCfg = Debug|Win32
		{2A703B51-9494-4655-B6E1-BE617B1205B3}.Debug|x86.Build.0 = Debug|Win32
		{2A703B51-9494-4655-B6E1-BE617B1205B3}.Release|x64.ActiveCfg = Release|x64
		{2A703B51-9494-4655-B6E1-BE617B1205B3}.Release|x64.Build.0 = Release|x64
		{2A703B51-9494-4655-B6E1-BE617B1205B3}.Release|x86.ActiveCfg = Release|Win32
		{2A703B51-9494-4655-B6E1-BE617B1205B3}.Release|x86.Build.0 = Release|Win32
		{9612C0DF-788F-4A5A-81E6-2A9FE38EB83F}.Debug|x64.ActiveCfg = Debug|x64
		{9612C0DF-788F-4A5A-81E6-2A9FE38EB83F}.Debug|x64.Build.0 = Debug|x64
		{9612C0DF-788F-4A5A-81E6-2A9FE38EB83F}.Debug|x86.ActiveCfg = Debug|Win32
		{9612C0DF-788F-4A5A-81E6-2A9FE38EB83F}.Debug|x86.Build.0 = Debug|Win32
		{9612C0DF-788F-4A5A-81E6-2A9FE38EB83F}.Release|x64.ActiveCfg = Release|x64
		{9612C0DF-788F-4A5A-81E6-2A9FE38EB83F}.Release|x64.Build.0 = Release|x64
		{9612C0DF-788F-4A5A-81E6-2A9FE38EB83F}.Release|x86.ActiveCfg = Release|Win32
		{9612C0DF-788F-4A5A-81E6-2A9FE38EB83F}.Release|x86.Build.0 = Release|Win32
		{57820747-6E8B-4579-8CCE-1FDE63F49E9E}.Debug|x64.ActiveCfg = Debug|x64
		{57820747-6E8B-4579-8CCE-1FDE63F49E9E}.Debug|x64.Build.0 = Debug|x64
		{57820747-6E8B-4579-8CCE-1FDE63F49E9E}.Debug|x86.ActiveCfg = Debug|Win32
		{57820747-6E8B-4579-8CCE-1FDE63F49E9E}.Debug|x86.Build.0 = Debug|Win32
		{57820747-6E8B-4579-8CCE-1FDE63F49E9E}.Release|x64.ActiveCfg = Release|x64
		{57820747-6E8B-4579-8CCE-1FDE63F49E9E}.Release|x64.Build.0 = Release|x64
		{57820747-6E8B-4579-8CCE-1FDE63F49E9E}.Release|x86.ActiveCfg = Release|Win32
		{57820747-6E8B-4579-8CCE-1FDE63F49E9E}.Release|x86.Build.0 = Release|Win32
		{417CC6CB-1F7A-456A-B49E-F7079921BA10}.Debug|x64.ActiveCfg = Debug|x64
		{417CC6CB-1F7A-456A-B49E-F7079921BA10}.Debug|x64.Build.0 = Debug|x64
		{417CC6CB-1F7A-456A-B49E-F7079921BA10}.Debug|x86.ActiveCfg = Debug|Win32
		{417CC6CB-1F7A-456A-B49E-F7079921BA10}.Debug|x86.Build.0 = Debug|Win32
		{417CC6CB-1F7A-456A-B49E-F7079921BA10}.Release|x64.ActiveCfg = Release|x64
		{417CC6CB-1F7A-456A-B49E-F7079921BA10}.Release|x64.Build.0 = Release|x64
		{417CC6CB-1F7A-456A-B49E-F7079921BA10}.Release|x86.ActiveCfg = Release|Win32
		{417CC6CB-1F7A-456A-B49E-F7079921BA10}.Release|x86.Build.0 = Release|Win32
		{86EEC4D7-712C-431E-A661-5807E8146BB1}.Debug|x64.ActiveCfg = Debug|x64
		{86EEC4D7-712C-431E-A661-5807E8146BB1}.Debug|x64.Build.0 = Debug|x64
		{86EEC4D7-712C-431E-A661-5807E8146BB1}.Debug|x86.ActiveCfg = Debug|Win32
		{86EEC4D7-712C-431E-A661-5807E8146BB1}.Debug|x86.Build.0 = Debug|Win32
		{86EEC4D7-712C-431E-A661-5807E8146BB1}.Release|x64.ActiveCfg = Release|x64
		{86EEC4D7-712C-431E-A661-5807E8146BB1}.Release|x64.Build.0 = Release|x64
		{86EEC4D7-712C-431E-A661-5807E8146BB1}.Release|x86.ActiveCfg = Release|Win32
		{86EEC4D7-712C-431E-A661-5807E8146BB1}.Release|x86.Build.0 = Release|Win32
		{6784B969-18E5-4E2E-B675-AF814EEBB4BD}.Debug|x64.ActiveCfg = Debug|x64
		{6784B969-18E5-4E2E-B675-AF814EEBB4BD}.Debug|x64.Build.0 = Debug|x64
		{6784B969-18E5-4E2E-B675-AF814EEBB4BD}.Debug|x86.ActiveCfg = Debug|Win32
		{6784B969-18E5-4E2E-B675-AF814EEBB4BD}.Debug|x86.Build.0 = Debug|Win32
		{6784B969-18E5-4E2E-B675-AF814EEBB4BD}.Release|x64.ActiveCfg = Release|x64
		{6784B969-18E5-4E2E-B675-AF814EEBB4BD}.Release|x64.Build.0 = Release|x64
		{6784B969-18E5-4E2E-B675-AF814EEBB4BD}.Release|x86.ActiveCfg = Release|Win32
		{6784B969-18E5-4E2E-B675-AF814EEBB4BD}.Release|x86.Build.0 = Release|Win32
		{2C3D8F75-2C06-4DF0-8E10-BF20ED747785}.Debug|x64.ActiveCfg = Debug|x64
		{2C3D8F75-2C06-4DF0-8E10-BF20ED747785}.Debug|x64.Build.0 = Debug|x64
		{2C3D8F75-2C06-4DF0-8E10-BF20ED747785}.Debug|x86.ActiveCfg = Debug|Win32
		{2C3D8F75-2C06-4DF0-8E10-BF20ED747785}.Debug|x86.Build.0 = Debug|Win32
		{2C3D8F75-2C06-4DF0-8E10-BF20ED747785}.Release|x64.ActiveCfg = Release|x64
		{2C3D8F75-2C06-4DF0-8E10-BF20ED747785}.Release|x64.Build.0 = Release|x64
		{2C3D8F75-2C06-4DF0-8E10-BF20ED747785}.Release|x86.ActiveCfg = Release|Win32
		{2C3D8F75-2C06-4DF0-8E10-BF20ED747785}.Release|x86.Build.0 = Release|Win32
		{D86AF334-B367-4179-9CFC-F92BA907A45D}.Debug|x64.ActiveCfg = Debug|x64
		{D86AF334-B367-4179-9CFC-F92BA907A45D}.Debug|x64.Build.0 = Debug|x64
		{D86AF334-B367-4179-9CFC-F92BA907A45D}.Debug|x86.ActiveCfg = Debug|Win32
		{D86AF334-B367-4179-9CFC-F92BA907A45D}.Debug|x86.Build.0 = Debug|Win32
		{D86AF334-B367-4179-9CFC-F92BA907A45D}.Release|x64.ActiveCfg = Release|x64
		{D86AF334-B367-4179-9CFC-F92BA907A45D}.Release|x64.Build.0 = Release|x64
		{D86AF334-B367-4179-9CFC-F92BA907A45D}.Release|x86.ActiveCfg = Release|Win32
		{D86AF334-B367-4179-9CFC-F92BA907A45D}.Release|x86.Build.0 = Release|Win32
		{E2D7D185-486A-4133-B7A2-0CF5A537AC3B}.Debug|x64.ActiveCfg = Debug|x64
		{E2D7D185-486A-4133-B7A2-0CF5A537AC3B}.Debug|x64.Build.0 = Debug|x64
		{E2D7D185-486A-4133-B7A2-0CF5A537AC3B}.Debug|x86.ActiveCfg = Debug|Win32
		{E2D7D185-486A-4133-B7A2-0CF5A537AC3B}.Debug|x86.Build.0 = Debug|Win32
		{E2D7D185-486A-4133-B7A2-0CF5A537AC3B}.Release|x64.ActiveCfg = Release|x64
		{E2D7D185-486A-4133-B7A2-0CF5A537AC3B}.Release|x64.Build.0 = Release|x64
		{E2D7D185-486A-4133-B7A2-0CF5A537AC3B}.Release|x86.ActiveCfg = Release|Win32
		{E2D7D185-486A-4133-B7A2-0CF5A537AC3B}.Release|x86.Build.0 = Release|Win32
		{FBFE9C4D-6043-48DB-99F0-6DE607CA2C60}.Debug|x64.ActiveCfg = Debug|x64
		{FBFE9C4D-6043-48DB-99F0-6DE607CA2C60}.Debug|x64.Build.0 = Debug|x64
		{FBFE9C4D-6043-48DB-99F0-6DE607CA2C60}.Debug|x86.ActiveCfg = Debug|Win32
		{FBFE9C4D-6043-48DB-99F0-6DE607CA2C60}.Debug|x86.Build.0 = Debug|Win32
		{FBFE9C4D-6043-48DB-99F0-6DE607CA2C60}.Release|x64.ActiveCfg = Release|x64
		{FBFE9C4D-6043-48DB-99F0-6DE607CA2C60}.Release|x64.Build.0 = Release|x64
		{FBFE9C4D-6043-48DB-99F0-6DE607CA2C60}.Release|x86.ActiveCfg = Release|Win32
		{FBFE9C4D-6043-48DB-99F0-6DE607CA2C60}.Release|x86.Build.0 = Release|Win32
		{69DCE96D-5315-450A-ABBC-A98068B25DD5}.Debug|x64.ActiveCfg = Debug|x64
		{69DCE96D-5315-450A-ABBC-A98068B25DD5}.Debug|x64.Build.0 = Debug|x64
		{69DCE96D-5315-450A-ABBC-A98068B25DD5}.Debug|x86.ActiveCfg = Debug|Win32
		{69DCE96D-5315-450A-ABBC-A98068B25DD5}.Debug|x86.Build.0 = Debug|Win32
		{69DCE96D-5315-450A-ABBC-A98068B25DD5}.Release|x64.ActiveCfg = Release|x64
		{69DCE96D-5315-450A-ABBC-A98068B25DD5}.Release|x64.Build.0 = Release|x64
		{69DCE96D-5315-450A-ABBC-A98068B25DD5}.Release|x86.ActiveCfg = Release|Win32
		{69DCE96D-5315-450A-ABBC-A98068B25DD5}.Release|x86.Build.0 = Release|Win32
		{99FC0484-8026-43AC-A642-63ED71F77BA7}.Debug|x64.ActiveCfg = Debug|x64
		{99FC0484-8026-43AC-A642-63ED71F77BA7}.Debug|x64.Build.0 = Debug|x64
		{99FC0484-8026-43AC-A642-63ED71F77BA7}.Debug|x86.ActiveCfg = Debug|Win32
		{99FC0484-8026-43AC-A642-63ED71F77BA7}.Debug|x86.Build.0 = Debug|Win32
		{99FC0484-8026-43AC-A642-63ED71F77BA7}.Release|x64.ActiveCfg = Release|x64
		{99FC0484-8026-43AC-A642-63ED71F77BA7}.Release|x64.Build.0 = Release|x64
		{99FC0484-8026-43AC-A642-63ED71F77BA7}.Release|x86.ActiveCfg = Release|Win32
		{99FC0484-8026-43AC-A642-63ED71F77BA7}.Release|x86.Build.0 = Release|Win32
		{7FB4E3A3-5632-4863-A55D-0416A19A1D90}.Debug|x64.ActiveCfg = Debug|x64
		{7FB4E3A3-5632-4863-A55D-0416A19A1D90}.Debug|x64.Build.0 = Debug|x64
		{7FB4E3A3-5632-4863-A55D-0416A19A1D90}.Debug|x86.ActiveCfg = Debug|Win32
		{7FB4E3A3-5632-4863-A55D-0416A19A1D90}.Debug|x86.Build.0 = Debug|Win32
		{7FB4E3A3-5632-4863-A55D-0416A19A1D90}.Release|x64.ActiveCfg = Release|x64
		{7FB4E3A3-5632-4863-A55D-0416A19A1D90}.Release|x64.Build.0 = Release|x64
		{7FB4E3A3-5632-4863-A55D-0416A19A1D90}.Release|x86.ActiveCfg = Release|Win32
		{7FB4E3A3-5632-4863-A55D-0416A19A1D90}.Release|x86.Build.0 = Release|Win32
		{E7497DBB-B813-4AFA-90E4-0451FFB03274}.Debug|x64.ActiveCfg = Debug|x64
		{E7497DBB-B813-4AFA-90E4-0451FFB03274}.Debug|x64.Build.0 = Debug|x64
		{E7497DBB-B813-4AFA-90E4-0451FFB03274}.Debug|x86.ActiveCfg = Debug|Win32
		{E7497DBB-B813-4AFA-90E4-0451FFB03274}.Debug|x86.Build.0 = Debug|Win32
		{E7497DBB-B813-4AFA-90E4-0451FFB03274}.Release|x64.ActiveCfg = Release|x64
		{E7497DBB-B813-4AFA-90E4-0451FFB03274}.Release|x64.Build.0 = Release|x64
		{E7497DBB-B813-4AFA-90E4-0451FFB03274}.Release|x86.ActiveCfg = Release|Win32
		{E7497DBB-B813-4AFA-90E4-0451FFB03274}.Release|x86.Build.0 = Release|Win32
		{32236857-3A49-43AD-A28F-8F42555DBDF3}.Debug|x64.ActiveCfg = Debug|x64
		{32236857-3A49-43AD-A28F-8F42555DBDF3}.Debug|x64.Build.0 = Debug|x64
		{32236857-3A49-43AD-A28F-8F42555DBDF3}.Debug|x86.ActiveCfg = Debug|Win32
		{32236857-3A49-43AD-A28F-8F42555DBDF3}.Debug|x86.Build.0 = Debug|Win32
		{32236857-3A49-43AD-A28F-8F42555DBDF3}.Release|x64.ActiveCfg = Release|x64
		{32236857-3A49-43AD-A28F-8F42555DBDF3}.Release|x64.Build.0 = Release|x64
		{32236857-3A49-43AD-A28F-8F42555DBDF3}.Release|x86.ActiveCfg = Release|Win32
		{32236857-3A49-43AD-A28F-8F42555DBDF3}.Release|x86.Build.0 = Release|Win32
		{DFA1A829-3A95-413E-93A3-C20026733827}.Debug|x64.ActiveCfg = Debug|x64
		{DFA1A829-3A95-413E-93A3-C20026733827}.Debug|x64.Build.0 = Debug|x64
		{DFA1A829-3A95-413E-93A3-C20026733827}.Debug|x86.ActiveCfg = Debug|Win32
		{DFA1A829-3A95-413E-93A3-C20026733827}.Debug|x86.Build.0 = Debug|Win32
		{DFA1A829-3A95-413E-93A3-C20026733827}.Release|x64.ActiveCfg = Release|x64
		{DFA1A829-3A95-413E-93A3-C20026733827}.Release|x64.Build.0 = Release|x64
		{DFA1A829-3A95-413E-93A3-C20026733827}.Release|x86.ActiveCfg = Release|Win32
		{DFA1A829-3A95-413E-93A3-C20026733827}.Release|x86.Build.0 = Release|Win32
		{E6981F26-164F-4032-A2FB-86547DE68F75}.Debug|x64.ActiveCfg = Debug|x64
		{E6981F26-164F-4032-A2FB-86547DE68F75}.Debug|x64.Build.0 = Debug|x64
		{E6981F26-164F-4032-A2FB-86547DE68F75}.Debug|x86.ActiveCfg = Debug|Win32
		{E6981F26-164F-4032-A2FB-86547DE68F75}.Debug|x86.Build.0 = Debug|Win32
		{E6981F26-164F-4032-A2FB-86547DE68F75}.Release|x64.ActiveCfg = Release|x64
		{E6981F26-164F-4032-A2FB-86547DE68F75}.Release|x64.Build.0 = Release|x64
		{E6981F26-164F-4032-A2FB-86547DE68F75}.Release|x86.ActiveCfg = Release|Win32
		{E6981F26-164F-4032-A2FB-86547DE68F75}.Release|x86.Build.0 = Release|Win32
		{F029149C-5D39-413D-8DEF-ADE3294063D4}.Debug|x64.ActiveCfg = Debug|x64
		{F029149C-5D39-413D-8DEF-ADE3294063D4}.Debug|x64.Build.0 = Debug|x64
		{F029149C-5D39-413D-8DEF-ADE3294063D4}.Debug|x86.ActiveCfg = Debug|Win32
		{F029149C-5D39-413D-8DEF-ADE3294063D4}.Debug|x86.Build.0 = Debug|Win32
		{F029149C-5D39-413D-8DEF-ADE3294063D4}.Release|x64.ActiveCfg = Release|x64
		{F029149C-5D39-413D-8DEF-ADE3294063D4}.Release|x64.Build.0 = Release|x64
		{F029149C-5D39-413D-8DEF-ADE3294063D4}.Release|x86.ActiveCfg = Release|Win32
		{F029149C-5D39-413D-8DEF-ADE3294063D4}.Release|x86.Build.0 = Release|Win32
		{3A43A233-89F1-4F6A-B900-649563E8F88B}.Debug|x64.ActiveCfg = Debug|x64
		{3A43A233-89F1-4F6A-B900-649563E8F88B}.Debug|x64.Build.0 = Debug|x64
		{3A43A233-89F1-4F6A-B900-649563E8F88B}.Debug|x86.ActiveCfg = Debug|Win32
		{3A43A233-89F1-4F6A-B900-649563E8F88B}.Debug|x86.Build.0 = Debug|Win32
		{3A43A233-89F1-4F6A-B900-649563E8F88B}.Release|x64.ActiveCfg = Release|x64
		{3A43A233-89F1-4F6A-B900-649563E8F88B}.Release|x64.Build.0 = Release|x64
		{3A43A233-89F1-4F6A-B900-649563E8F88B}.Release|x86.ActiveCfg = Release|Win32
		{3A43A233-89F1-4F6A-B900-649563E8F88B}.Release|x86.Build.0 = Release|Win32
		{3E4E76AA-48CE-4C84-BFC2-3A998E31EA8E}.Debug|x64.ActiveCfg = Debug|x64
		{3E4E76AA-48CE-4C84-BFC2-3A998E31EA8E}.Debug|x64.Build.0 = Debug|x64
		{3E4E76AA-48CE-4C84-BFC2-3A998E31EA8E}.Debug|x86.ActiveCfg = Debug|Win32
		{3E4E76AA-48CE-4C84-BFC2-3A998E31EA8E}.Debug|x86.Build.0 = Debug|Win32
		{3E4E76AA-48CE-4C84-BFC2-3A998E31EA8E}.Release|x64.ActiveCfg = Release|x64
		{3E4E76AA-48CE-4C84-BFC2-3A998E31EA8E}.Release|x64.Build.0 = Release|x64
		{3E4E76AA-48CE-4C84-BFC2-3A998E31EA8E}.Release|x86.ActiveCfg = Release|Win32
		{3E4E76AA-48CE-4C84-BFC2-3A998E31EA8E}.Release|x86.Build.0 = Release|Win32
		{2C3A90AE-177F-4DD2-B9A8-FA6ABA363592}.Debug|x64.ActiveCfg = Debug|x64
		{2C3A90AE-177F-4DD2-B9A8-FA6ABA363592}.Debug|x64.Build.0 = Debug|x64
		{2C3A90AE-177F-4DD2-B9A8-FA6ABA363592}.Debug|x86.ActiveCfg = Debug|Win32
		{2C3A90AE-177F-4DD2-B9A8-FA6ABA363592}.Debug|x86.Build.0 = Debug|Win32
		{2C3A90AE-177F-4DD2-B9A8-FA6ABA363592}.Release|x64.ActiveCfg = Release|x64
		{2C3A90AE-177F-4DD2-B9A8-FA6ABA363592}.Release|x64.Build.0 = Release|x64
		{2C3A90AE-177F-4DD2-B9A8-FA6ABA363592}.Release|x86.ActiveCfg = Release|Win32
		{2C3A90AE-177F-4DD2-B9A8-FA6ABA363592}.Release|x86.Build.0 = Release|Win32
		{84DF4DCD-7D83-431C-BCDE-27F1303FFB86}.Debug|x64.ActiveCfg = Debug|x64
		{84DF4DCD-7D83-431C-BCDE-27F1303FFB86}.Debug|x64.Build.0 = Debug|x64
		{84DF4DCD-7D83-431C-BCDE-27F1303FFB86}.Debug|x86.ActiveCfg = Debug|Win32
		{84DF4DCD-7D83-431C-BCDE-27F1303FFB86}.Debug|x86.Build.0 = Debug|Win32
		{84DF4DCD-7D83-431C-BCDE-27F1303FFB86}.Release|x64.ActiveCfg = Release|x64
		{84DF4DCD-7D83-431C-BCDE-27F1303FFB86}.Release|x64.Build.0 = Release|x64
		{84DF4DCD-7D83-431C-BCDE-27F1303FFB86}.Release|x86.ActiveCfg = Release|Win32
		{84DF4DCD-7D83-431C-BCDE-27F1303FFB86}.Release|x86.Build.0 = Release|Win32
		{0E245B4B-777A-47C7-A7E5-D8E9D0293982}.Debug|x64.ActiveCfg = Debug|x64
		{0E245B4B-777A-47C7-A7E5-D8E9D0293982}.Debug|x64.Build.0 = Debug|x64
		{0E245B4B-777A-47C7-A7E5-D8E9D0293982}.Debug|x86.ActiveCfg = Debug|Win32
		{0E245B4B-777A-47C7-A7E5-D8E9D0293982}.Debug|x86.Build.0 = Debug|Win32
		{0E245B4B-777A-47C7-A7E5-D8E9D0293982}.Release|x64.ActiveCfg = Release|x64
		{0E245B4B-777A-47C7-A7E5-D8E9D0293982}.Release|x64.Build.0 = Release|x64
		{0E245B4B-777A-47C7-A7E5-D8E9D0293982}.Release|x86.ActiveCfg = Release|Win32
		{0E245B4B-777A-47C7-A7E5-D8E9D0293982}.Release|x86.Build.0 = Release|Win32
		{8888B843-15AB-445B-AD2D-435182549192}.Debug|x64.ActiveCfg = Debug|x64
		{8888B843-15AB-445B-AD2D-435182549192}.Debug|x64.Build.0 = Debug|x64
		{8888B843-15AB-445B-AD2D-435182549192}.Debug|x86.ActiveCfg = Debug|Win32
		{8888B843-15AB-445B-AD2D-435182549192}.Debug|x86.Build.0 = Debug|Win32
		{8888B843-15AB-445B-AD2D-435182549192}.Release|x64.ActiveCfg = Release|x64
		{8888B843-15AB-445B-AD2D-435182549192}.Release|x64.Build.0 = Release|x64
		{8888B843-15AB-445B-AD2D-435182549192}.Release|x86.ActiveCfg = Release|Win32
		{8888B843-15AB-445B-AD2D-435182549192}.Release|x86.Build.0 = Release|Win32
		{EAF75A62-D1EF-4271-8824-E2B74DA6550F}.Debug|x64.ActiveCfg = Debug|x64
		{EAF75A62-D1EF-4271-8824-E2B74DA6550F}.Debug|x64.Build.0 = Debug|x64
		{EAF75A62-D1EF-4271-8824-E2B74DA6550F}.Debug|x86.ActiveCfg = Debug|Win32
		{EAF75A62-D1EF-4271-8824-E2B74DA6550F}.Debug|x86.Build.0 = Debug|Win32
		{EAF75A62-D1EF-4271-8824-E2B74DA6550F}.Release|x64.ActiveCfg = Release|x64
		{EAF75A62-D1EF-4271-8824-E2B74DA6550F}.Release|x64.Build.0 = Release|x64
		{EAF75A62-D1EF-4271-8824-E2B74DA6550F}.Release|x86.ActiveCfg = Release|Win32
		{EAF75A62-D1EF-4271-8824-E2B74DA6550F}.Release|x86.Build.0 = Release|Win32
		{FC301853-842F-47ED-954D-421FC92D0F48}.Debug|x64.ActiveCfg = Debug|x64
		{FC301853-842F-47ED-954D-421FC92D0F48}.Debug|x64.Build.0 = Debug|x64
		{FC301853-842F-47ED-954D-421FC92D0F48}.Debug|x86.ActiveCfg = Debug|Win32
		{FC301853-842F-47ED-954D-421FC92D0F48}.Debug|x86.Build.0 = Debug|Win32
		{FC301853-842F-47ED-954D-421FC92D0F48}.Release|x64.ActiveCfg = Release|x64
		{FC301853-842F-47ED-954D-421FC92D0F48}.Release|x64.Build.0 = Release|x64
		{FC301853-842F-47ED-954D-421FC92D0F48}.Release|x86.ActiveCfg = Release|Win32
		{FC301853-842F-47ED-954D-421FC92D0F48}.Release|x86.Build.0 = Release|Win32
		{041B8464-EFAC-484D-BB55-729196A8D16B}.Debug|x64.ActiveCfg = Debug|x64
		{041B8464-EFAC-484D-BB55-729196A8D16B}.Debug|x64.Build.0 = Debug|x64
		{041B8464-EFAC-484D-BB55-729196A8D16B}.Debug|x86.ActiveCfg = Debug|Win32
		{041B8464-EFAC-484D-BB55-729196A8D16B}.Debug|x86.Build.0 = Debug|Win32
		{041B8464-EFAC-484D-BB55-729196A8D16B}.Release|x64.ActiveCfg = Release|x64
		{041B8464-EFAC-484D-BB55-729196A8D16B}.Release|x64.Build.0 = Release|x64
		{041B8464-EFAC-484D-BB55-729196A8D16B}.Release|x86.ActiveCfg = Release|Win32
		{041B8464-EFAC-484D-BB55-729196A8D16B}.Release|x86.Build.0 = Release|Win32
		{97785795-5E40-4159-A98A-A266538920D5}.Debug|x64.ActiveCfg = Debug|x64
		{97785795-5E40-4159-A98A-A266538920D5}.Debug|x64.Build.0 = Debug|x64
		{97785795-5E40-4159-A98A-A266538920D5}.Debug|x86.ActiveCfg = Debug|Win32
		{97785795-5E40-4159-A98A-A266538920D5}.Debug|x86.Build.0 = Debug|Win32
		{97785795-5E40-4159-A98A-A266538920D5}.Release|x64.ActiveCfg = Release|x64
		{97785795-5E40-4159-A98A-A266538920D5}.Release|x64.Build.0 = Release|x64
		{97785795-5E40-4159-A98A-A266538920D5}.Release|x86.ActiveCfg = Release|Win32
		{97785795-5E40-4159-A98A-A266538920D5}.Release|x86.Build.0 = Release|Win32
		{137E9B53-FC57-4976-A0A9-B93AB81D8A90}.Debug|x64.ActiveCfg = Debug|x64
		{137E9B53-FC57-4976-A0A9-B93AB81D8A90}.Debug|x64.Build.0 = Debug|x64
		{137E9B53-FC57-4976-A0A9-B93AB81D8A90}.Debug|x86.ActiveCfg = Debug|Win32
		{137E9B53-FC57-4976-A0A9-B93AB81D8A90}.Debug|x86.Build.0 = Debug|Win32
		{137E9B53-FC57-4976-A0A9-B93AB81D8A90}.Release|x64.ActiveCfg = Release|x64
		{137E9B53-FC57-4976-A0A9-B93AB81D8A90}.Release|x64.Build.0 = Release|x64
		{137E9B53-FC57-4976-A0A9-B93AB81D8A90}.Release|x86.ActiveCfg = Release|Win32
		{137E9B53-FC57-4976-A0A9-B93AB81D8A90}.Release|x86.Build.0 = Release|Win32
		{593734E3-88A2-4D9A-870F-C66CF0DBABB3}.Debug|x64.ActiveCfg = Debug|x64
		{593734E3-88A2-4D9A-870F-C66CF0DBABB3}.Debug|x64.Build.0 = Debug|x64
		{593734E3-88A2-4D9A-870F-C66CF0DBABB3}.Debug|x86.ActiveCfg = Debug|Win32
		{593734E3-88A2-4D9A-870F-C66CF0DBABB3}.Debug|x86.Build.0 = Debug|Win32
		{593734E3-88A2-4D9A-870F-C66CF0DBABB3}.Release|x64.ActiveCfg = Release|x64
		{593734E3-88A2-4D9A-870F-C66CF0DBABB3}.Release|x64.Build.0 = Release|x64
		{593734E3-88A2-4D9A-870F-C66CF0DBABB3}.Release|x86.ActiveCfg = Release|Win32
		{593734E3-88A2-4D9A-870F-C66CF0DBABB3}.Release|x86.Build.0 = Release|Win32
		{59200802-C66C-4866-A6EC-2AE39F9810C8}.Debug|x64.ActiveCfg = Debug|x64
		{59200802-C66C-4866-A6EC-2AE39F9810C8}.Debug|x64.Build.0 = Debug|x64
		{59200802-C66C-4866-A6EC-2AE39F9810C8}.Debug|x86.ActiveCfg = Debug|Win32
		{59200802-C66C-4866-A6EC-2AE39F9810C8}.Debug|x86.Build.0 = Debug|Win32
		{59200802-C66C-4866-A6EC-2AE39F9810C8}.Release|x64.ActiveCfg = Release|x64
		{59200802-C66C-4866-A6EC-2AE39F9810C8}.Release|x64.Build.0 = Release|x64
		{59200802-C66C-4866-A6EC-2AE39F9810C8}.Release|x86.ActiveCfg = Release|Win32
		{59200802-C66C-4866-A6EC-2AE39F9810C8}.Release|x86.Build.0 = Release|Win32
		{15E542E0-E5BF-4C58-8E73-4D773B2332E4}.Debug|x64.ActiveCfg = Debug|x64
		{15E542E0-E5BF-4C58-8E73-4D773B2332E4}.Debug|x64.Build.0 = Debug|x64
		{15E542E0-E5BF-4C58-8E73-4D773B2332E4}.Debug|x86.ActiveCfg = Debug|Win32
		{15E542E0-E5BF-4C58-8E73-4D773B2332E4}.Debug|x86.Build.0 = Debug|Win32
		{15E542E0-E5BF-4C58-8E73-4D773B2332E4}.Release|x64.ActiveCfg = Release|x64
		{15E542E0-E5BF-4C58-8E73-4D773B2332E4}.Release|x64.Build.0 = Release|x64
		{15E542E0-E5BF-4C58-8E73-4D773B2332E4}.Release|x86.ActiveCfg = Release|Win32
		{15E542E0-E5BF-4C58-8E73-4D773B2332E4}.Release|x86.Build.0 = Release|Win32
		{00F30F84-70A7-4110-8033-AF0A36F21A42}.Debug|x64.ActiveCfg = Debug|x64
		{00F30F84-70A7-4110-8033-AF0A36F21A42}.Debug|x64.Build.0 = Debug|x64
		{00F30F84-70A7-4110-8033-AF0A36F21A42}.Debug|x86.ActiveCfg = Debug|Win32
		{00F30F84-70A7-4110-8033-AF0A36F21A42}.Debug|x86.Build.0 = Debug|Win32
		{00F30F84-70A7-4110-8033-AF0A36F21A42}.Release|x64.ActiveCfg = Release|x64
		{00F30F84-70A7-4110-8033-AF0A36F21A42}.Release|x64.Build.0 = Release|x64
		{00F30F84-70A7-4110-8033-AF0A36F21A42}.Release|x86.ActiveCfg = Release|Win32
		{00F30F84-70A7-4110-8033-AF0A36F21A42}.Release|x86.Build.0 = Release|Win32
	EndGlobalSection
	GlobalSection(SolutionProperties) = preSolution
		HideSolutionNode = FALSE
	EndGlobalSection
	GlobalSection(ExtensibilityGlobals) = postSolution
		SolutionGuid = {67350B55-D7ED-4E2D-8DD6-99F887F07B54}
	EndGlobalSection
EndGlobal
